// !$*UTF8*$!
{
	archiveVersion = 1;
	classes = {
	};
	objectVersion = 55;
	objects = {

/* Begin PBXBuildFile section */
		2852D1D94300899AEB6B3908 /* Pods_ConnectorTests.framework in Frameworks */ = {isa = PBXBuildFile; fileRef = 4C820E29270AC322EFA59569 /* Pods_ConnectorTests.framework */; };
		5EB15671F9C644B45E332F94 /* Pods_Connector.framework in Frameworks */ = {isa = PBXBuildFile; fileRef = CB7A74EAAA2F7EBABC4EF6CF /* Pods_Connector.framework */; };
		6DE14DB9D20EE8273C848C42 /* Pods_Connector_ConnectorUITests.framework in Frameworks */ = {isa = PBXBuildFile; fileRef = AEB678B1488F3A6B15C00163 /* Pods_Connector_ConnectorUITests.framework */; };
		BC096846292D0F8F00FCF926 /* Coordinator.swift in Sources */ = {isa = PBXBuildFile; fileRef = BC096845292D0F8F00FCF926 /* Coordinator.swift */; };
		BC096848292D103F00FCF926 /* LayoutTools.swift in Sources */ = {isa = PBXBuildFile; fileRef = BC960E8A2850EF2C00C9ED68 /* LayoutTools.swift */; };
		BC096849292D103F00FCF926 /* LayoutTools.swift in Sources */ = {isa = PBXBuildFile; fileRef = BC960E8A2850EF2C00C9ED68 /* LayoutTools.swift */; };
		BC09684A292D103F00FCF926 /* UIDirection.swift in Sources */ = {isa = PBXBuildFile; fileRef = BC99C6E0287F1591008DFE97 /* UIDirection.swift */; };
		BC09684B292D103F00FCF926 /* UIDirection.swift in Sources */ = {isa = PBXBuildFile; fileRef = BC99C6E0287F1591008DFE97 /* UIDirection.swift */; };
		BC09684D292D135300FCF926 /* MainCoordinator.swift in Sources */ = {isa = PBXBuildFile; fileRef = BC09684C292D135300FCF926 /* MainCoordinator.swift */; };
		BC0C3FD428809A0B00A65D9D /* SearchResultsTableViewController.swift in Sources */ = {isa = PBXBuildFile; fileRef = BC0C3FD328809A0B00A65D9D /* SearchResultsTableViewController.swift */; };
		BC0C3FD628809AFC00A65D9D /* SearchResultsTableViewCell.swift in Sources */ = {isa = PBXBuildFile; fileRef = BC0C3FD528809AFC00A65D9D /* SearchResultsTableViewCell.swift */; };
		BC0C3FD828809D5500A65D9D /* RemoteImageView.swift in Sources */ = {isa = PBXBuildFile; fileRef = BC0C3FD728809D5500A65D9D /* RemoteImageView.swift */; };
		BC0C3FDB2880AA2B00A65D9D /* SearchResultsControllerDelegate.swift in Sources */ = {isa = PBXBuildFile; fileRef = BC0C3FDA2880AA2B00A65D9D /* SearchResultsControllerDelegate.swift */; };
		BC125DB828B7EB59008D8C89 /* ChatsTableViewController+SearchControllerDelegate.swift in Sources */ = {isa = PBXBuildFile; fileRef = BC125DB728B7EB59008D8C89 /* ChatsTableViewController+SearchControllerDelegate.swift */; };
		BC1C7C48294108FA0092A290 /* KeyboardAvoidingView.swift in Sources */ = {isa = PBXBuildFile; fileRef = BC1C7C47294108F90092A290 /* KeyboardAvoidingView.swift */; };
		BC20D2892933AA890089DF71 /* ChatRoomServices.swift in Sources */ = {isa = PBXBuildFile; fileRef = BC20D2882933AA890089DF71 /* ChatRoomServices.swift */; };
		BC20D28C2933D98B0089DF71 /* EncodingAndDecodingErrors.swift in Sources */ = {isa = PBXBuildFile; fileRef = BC20D28B2933D98B0089DF71 /* EncodingAndDecodingErrors.swift */; };
		BC20D28F2934FEA00089DF71 /* SettingsViewModel.swift in Sources */ = {isa = PBXBuildFile; fileRef = BC20D28E2934FEA00089DF71 /* SettingsViewModel.swift */; };
		BC20D29229365A080089DF71 /* UserDefaultsPropertyWrapper.swift in Sources */ = {isa = PBXBuildFile; fileRef = BC20D29129365A070089DF71 /* UserDefaultsPropertyWrapper.swift */; };
		BC20D2962937A8010089DF71 /* KeychainManager.swift in Sources */ = {isa = PBXBuildFile; fileRef = BC20D2952937A8010089DF71 /* KeychainManager.swift */; };
		BC20D2982937AF300089DF71 /* KeychainPropertyWrapper.swift in Sources */ = {isa = PBXBuildFile; fileRef = BC20D2972937AF300089DF71 /* KeychainPropertyWrapper.swift */; };
		BC50BACD28EC575E006D8E22 /* FirebaseManager.swift in Sources */ = {isa = PBXBuildFile; fileRef = BC50BACC28EC575E006D8E22 /* FirebaseManager.swift */; };
		BC50BAD128EC6F04006D8E22 /* UserNetworkServices.swift in Sources */ = {isa = PBXBuildFile; fileRef = BC50BAD028EC6F04006D8E22 /* UserNetworkServices.swift */; };
		BC50BAD328EC8BC6006D8E22 /* AuthServices.swift in Sources */ = {isa = PBXBuildFile; fileRef = BC50BAD228EC8BC6006D8E22 /* AuthServices.swift */; };
		BC50BAD628EC93D6006D8E22 /* AuthServicesProtocol.swift in Sources */ = {isa = PBXBuildFile; fileRef = BC50BAD528EC93D6006D8E22 /* AuthServicesProtocol.swift */; };
		BC50BAD828EDC948006D8E22 /* ChatMessageNetworkServices.swift in Sources */ = {isa = PBXBuildFile; fileRef = BC50BAD728EDC948006D8E22 /* ChatMessageNetworkServices.swift */; };
		BC50BADB28EDF401006D8E22 /* ChatRoomViewModel.swift in Sources */ = {isa = PBXBuildFile; fileRef = BC50BADA28EDF401006D8E22 /* ChatRoomViewModel.swift */; };
		BC50BADF28EE0C6C006D8E22 /* ChatsTableViewModel.swift in Sources */ = {isa = PBXBuildFile; fileRef = BC50BADE28EE0C6C006D8E22 /* ChatsTableViewModel.swift */; };
		BC6B2D9528E99DE900AC4E71 /* AuthViewModel.swift in Sources */ = {isa = PBXBuildFile; fileRef = BC6B2D9428E99DE900AC4E71 /* AuthViewModel.swift */; };
		BC6B2D9728E99ED600AC4E71 /* Validatable.swift in Sources */ = {isa = PBXBuildFile; fileRef = BC6B2D9628E99ED600AC4E71 /* Validatable.swift */; };
		BC6B2D9B28E9D15300AC4E71 /* BidirectionalStringCollection+Ext.swift in Sources */ = {isa = PBXBuildFile; fileRef = BC6B2D9A28E9D15300AC4E71 /* BidirectionalStringCollection+Ext.swift */; };
		BC6B2D9D28EA0EC500AC4E71 /* UITextField+Ext.swift in Sources */ = {isa = PBXBuildFile; fileRef = BC6B2D9C28EA0EC400AC4E71 /* UITextField+Ext.swift */; };
		BC6B2DA528EB124000AC4E71 /* User+CoreDataProperties.swift in Sources */ = {isa = PBXBuildFile; fileRef = BC6B2DA328EB124000AC4E71 /* User+CoreDataProperties.swift */; };
		BC6B2DA928EB1A7100AC4E71 /* AuthNetworkServicesProtocol.swift in Sources */ = {isa = PBXBuildFile; fileRef = BC6B2DA828EB1A7100AC4E71 /* AuthNetworkServicesProtocol.swift */; };
		BC6B2DAC28EB1B6900AC4E71 /* AuthNetworkServices.swift in Sources */ = {isa = PBXBuildFile; fileRef = BC6B2DAB28EB1B6900AC4E71 /* AuthNetworkServices.swift */; };
		BC6F899F287B3C5E0023E2A6 /* ChatMessageServices.swift in Sources */ = {isa = PBXBuildFile; fileRef = BC6F899E287B3C5E0023E2A6 /* ChatMessageServices.swift */; };
		BC6F89A9287C13AB0023E2A6 /* UserDefaultsManager.swift in Sources */ = {isa = PBXBuildFile; fileRef = BC6F89A8287C13AB0023E2A6 /* UserDefaultsManager.swift */; };
		BC6F89BA287C1F130023E2A6 /* Message.swift in Sources */ = {isa = PBXBuildFile; fileRef = BC6F89B8287C1F130023E2A6 /* Message.swift */; };
		BC6F89BE287C22320023E2A6 /* GenericErrors.swift in Sources */ = {isa = PBXBuildFile; fileRef = BC6F89BD287C22320023E2A6 /* GenericErrors.swift */; };
		BC6F89C0287C23FC0023E2A6 /* UserFriendlyError.swift in Sources */ = {isa = PBXBuildFile; fileRef = BC6F89BF287C23FC0023E2A6 /* UserFriendlyError.swift */; };
		BC6F89C2287C353E0023E2A6 /* CoreDataManager.swift in Sources */ = {isa = PBXBuildFile; fileRef = BC6F89C1287C353E0023E2A6 /* CoreDataManager.swift */; };
		BC7600B8287EC307003F6079 /* TextFieldView.swift in Sources */ = {isa = PBXBuildFile; fileRef = BC7600B7287EC307003F6079 /* TextFieldView.swift */; };
		BC7C310D29419FC50060B888 /* ChatRoomView.swift in Sources */ = {isa = PBXBuildFile; fileRef = BC7C310C29419FC50060B888 /* ChatRoomView.swift */; };
		BC7C310F294253AB0060B888 /* UserPreferences.swift in Sources */ = {isa = PBXBuildFile; fileRef = BC7C310E294253AB0060B888 /* UserPreferences.swift */; };
		BC7C3111294256A20060B888 /* UserPreferencesServicesProtocol.swift in Sources */ = {isa = PBXBuildFile; fileRef = BC7C3110294256A20060B888 /* UserPreferencesServicesProtocol.swift */; };
		BC7C3113294257250060B888 /* UserPreferencesServices.swift in Sources */ = {isa = PBXBuildFile; fileRef = BC7C3112294257250060B888 /* UserPreferencesServices.swift */; };
		BC7C3115294261B80060B888 /* UIApplication+Ext.swift in Sources */ = {isa = PBXBuildFile; fileRef = BC7C3114294261B80060B888 /* UIApplication+Ext.swift */; };
		BC7C311B294382C70060B888 /* ChatRoomsDataSource.swift in Sources */ = {isa = PBXBuildFile; fileRef = BCF6514A2941972E00080E61 /* ChatRoomsDataSource.swift */; };
		BC7C311C294382C70060B888 /* ChatRoomsDataSource.swift in Sources */ = {isa = PBXBuildFile; fileRef = BCF6514A2941972E00080E61 /* ChatRoomsDataSource.swift */; };
		BC7C311D294382C70060B888 /* MessagesDataSource.swift in Sources */ = {isa = PBXBuildFile; fileRef = BCF6514E29419C3A00080E61 /* MessagesDataSource.swift */; };
		BC7C311E294382C70060B888 /* MessagesDataSource.swift in Sources */ = {isa = PBXBuildFile; fileRef = BCF6514E29419C3A00080E61 /* MessagesDataSource.swift */; };
		BC7C3121294382C70060B888 /* SettingsSectionsFactory.swift in Sources */ = {isa = PBXBuildFile; fileRef = BCF6514729417CAE00080E61 /* SettingsSectionsFactory.swift */; };
		BC7C3122294382C70060B888 /* SettingsSectionsFactory.swift in Sources */ = {isa = PBXBuildFile; fileRef = BCF6514729417CAE00080E61 /* SettingsSectionsFactory.swift */; };
		BC7C3123294382C70060B888 /* TableViewFetchedResultsControllerDelegate.swift in Sources */ = {isa = PBXBuildFile; fileRef = BCF6514C294197D100080E61 /* TableViewFetchedResultsControllerDelegate.swift */; };
		BC7C3124294382C70060B888 /* TableViewFetchedResultsControllerDelegate.swift in Sources */ = {isa = PBXBuildFile; fileRef = BCF6514C294197D100080E61 /* TableViewFetchedResultsControllerDelegate.swift */; };
		BC7C3125294382C70060B888 /* SettingsDataSource.swift in Sources */ = {isa = PBXBuildFile; fileRef = BCF651422941310300080E61 /* SettingsDataSource.swift */; };
		BC7C3126294382C70060B888 /* SettingsDataSource.swift in Sources */ = {isa = PBXBuildFile; fileRef = BCF651422941310300080E61 /* SettingsDataSource.swift */; };
		BC7FAE8A28B6E42800872075 /* Date+Ext.swift in Sources */ = {isa = PBXBuildFile; fileRef = BC7FAE8928B6E42800872075 /* Date+Ext.swift */; };
		BC8A1477293260D4001D0FA1 /* ViewControllerFactories.swift in Sources */ = {isa = PBXBuildFile; fileRef = BC8A1476293260D4001D0FA1 /* ViewControllerFactories.swift */; };
		BC8A147929327ACD001D0FA1 /* UserServices.swift in Sources */ = {isa = PBXBuildFile; fileRef = BC8A147829327ACD001D0FA1 /* UserServices.swift */; };
		BC8A148029327BA1001D0FA1 /* UserServicesProtocol.swift in Sources */ = {isa = PBXBuildFile; fileRef = BC8A147F29327BA1001D0FA1 /* UserServicesProtocol.swift */; };
		BC8EBA0C28B64C5400D96E8B /* FirebaseCodableMo.swift in Sources */ = {isa = PBXBuildFile; fileRef = BC8EBA0B28B64C5400D96E8B /* FirebaseCodableMo.swift */; };
		BC9358A828B52854006AF888 /* GoogleService-Info.plist in Resources */ = {isa = PBXBuildFile; fileRef = BC9358A728B52854006AF888 /* GoogleService-Info.plist */; };
		BC9358A928B52854006AF888 /* GoogleService-Info.plist in Resources */ = {isa = PBXBuildFile; fileRef = BC9358A728B52854006AF888 /* GoogleService-Info.plist */; };
		BC9358AA28B52854006AF888 /* GoogleService-Info.plist in Resources */ = {isa = PBXBuildFile; fileRef = BC9358A728B52854006AF888 /* GoogleService-Info.plist */; };
		BC960E7A2850ADDD00C9ED68 /* RootTabBarController.swift in Sources */ = {isa = PBXBuildFile; fileRef = BC960E792850ADDD00C9ED68 /* RootTabBarController.swift */; };
		BC960E7C2850B11A00C9ED68 /* CallsTableViewController.swift in Sources */ = {isa = PBXBuildFile; fileRef = BC960E7B2850B11A00C9ED68 /* CallsTableViewController.swift */; };
		BC960E7E2850B24500C9ED68 /* SettingsTableViewController.swift in Sources */ = {isa = PBXBuildFile; fileRef = BC960E7D2850B24500C9ED68 /* SettingsTableViewController.swift */; };
		BC960E842850E7EE00C9ED68 /* ChatRoomViewController.swift in Sources */ = {isa = PBXBuildFile; fileRef = BC960E832850E7EE00C9ED68 /* ChatRoomViewController.swift */; };
		BC960E862850EE1400C9ED68 /* EditableTextView.swift in Sources */ = {isa = PBXBuildFile; fileRef = BC960E852850EE1400C9ED68 /* EditableTextView.swift */; };
		BC960E882850EEA400C9ED68 /* EditableTextView+Ext.swift in Sources */ = {isa = PBXBuildFile; fileRef = BC960E872850EEA400C9ED68 /* EditableTextView+Ext.swift */; };
		BC960E8B2850EF2C00C9ED68 /* LayoutTools.swift in Sources */ = {isa = PBXBuildFile; fileRef = BC960E8A2850EF2C00C9ED68 /* LayoutTools.swift */; };
		BC960E8F28511F0D00C9ED68 /* MessageTableViewCell.swift in Sources */ = {isa = PBXBuildFile; fileRef = BC960E8E28511F0C00C9ED68 /* MessageTableViewCell.swift */; };
		BC960E9228523B4300C9ED68 /* PlainTextMessageTableViewCell.swift in Sources */ = {isa = PBXBuildFile; fileRef = BC960E9128523B4300C9ED68 /* PlainTextMessageTableViewCell.swift */; };
		BC99C6AB287EEE42008DFE97 /* PrimaryBtn.swift in Sources */ = {isa = PBXBuildFile; fileRef = BC99C6AA287EEE42008DFE97 /* PrimaryBtn.swift */; };
		BC99C6AD287EF2C1008DFE97 /* UIStackView+Ext.swift in Sources */ = {isa = PBXBuildFile; fileRef = BC99C6AC287EF2C1008DFE97 /* UIStackView+Ext.swift */; };
		BC99C6B1287EFDEA008DFE97 /* LoginViewController.swift in Sources */ = {isa = PBXBuildFile; fileRef = BC99C6B0287EFDEA008DFE97 /* LoginViewController.swift */; };
		BC99C6B3287EFF09008DFE97 /* SignupViewController.swift in Sources */ = {isa = PBXBuildFile; fileRef = BC99C6B2287EFF09008DFE97 /* SignupViewController.swift */; };
		BC99C6C8287F0565008DFE97 /* LayoutConstants.swift in Sources */ = {isa = PBXBuildFile; fileRef = BC99C6BD287F0565008DFE97 /* LayoutConstants.swift */; };
		BC99C6D8287F1448008DFE97 /* AlertPopup.swift in Sources */ = {isa = PBXBuildFile; fileRef = BC99C6D0287F1448008DFE97 /* AlertPopup.swift */; };
		BC99C6DD287F1448008DFE97 /* Popup.swift in Sources */ = {isa = PBXBuildFile; fileRef = BC99C6D5287F1448008DFE97 /* Popup.swift */; };
		BC99C6DF287F14BA008DFE97 /* UIView+Ext.swift in Sources */ = {isa = PBXBuildFile; fileRef = BC99C6DE287F14BA008DFE97 /* UIView+Ext.swift */; };
		BC99C6E1287F1591008DFE97 /* UIDirection.swift in Sources */ = {isa = PBXBuildFile; fileRef = BC99C6E0287F1591008DFE97 /* UIDirection.swift */; };
		BC99C6E5287F1872008DFE97 /* AlertPopupAction.swift in Sources */ = {isa = PBXBuildFile; fileRef = BC99C6E4287F1872008DFE97 /* AlertPopupAction.swift */; };
		BC9DA744293A4F8300C44FCA /* ChatRoomServicesProtocol.swift in Sources */ = {isa = PBXBuildFile; fileRef = BC9DA743293A4F8300C44FCA /* ChatRoomServicesProtocol.swift */; };
		BC9DA746293A505500C44FCA /* UserNetworkServicesProtocol.swift in Sources */ = {isa = PBXBuildFile; fileRef = BC9DA745293A505500C44FCA /* UserNetworkServicesProtocol.swift */; };
		BC9DA748293A53A000C44FCA /* ChatMessageServicesProtocol.swift in Sources */ = {isa = PBXBuildFile; fileRef = BC9DA747293A53A000C44FCA /* ChatMessageServicesProtocol.swift */; };
		BC9DA74A293A560900C44FCA /* ChatMessageNetworkServicesProtocol.swift in Sources */ = {isa = PBXBuildFile; fileRef = BC9DA749293A560900C44FCA /* ChatMessageNetworkServicesProtocol.swift */; };
		BCA1D8A429311EE100E31259 /* ChatsCoordinator.swift in Sources */ = {isa = PBXBuildFile; fileRef = BCA1D8A329311EE100E31259 /* ChatsCoordinator.swift */; };
		BCA1D8A62931201700E31259 /* CallsCoordinator.swift in Sources */ = {isa = PBXBuildFile; fileRef = BCA1D8A52931201700E31259 /* CallsCoordinator.swift */; };
		BCA1D8A82931204400E31259 /* SettingsCoordinator.swift in Sources */ = {isa = PBXBuildFile; fileRef = BCA1D8A72931204400E31259 /* SettingsCoordinator.swift */; };
		BCA1D8AC2931292A00E31259 /* AuthCoordinator.swift in Sources */ = {isa = PBXBuildFile; fileRef = BCA1D8AB2931292A00E31259 /* AuthCoordinator.swift */; };
		BCA1D8AE2931B40200E31259 /* AuthCoordination.swift in Sources */ = {isa = PBXBuildFile; fileRef = BCA1D8AD2931B40200E31259 /* AuthCoordination.swift */; };
		BCA1D8B02931BA1D00E31259 /* UINavigationController+Ext.swift in Sources */ = {isa = PBXBuildFile; fileRef = BCA1D8AF2931BA1D00E31259 /* UINavigationController+Ext.swift */; };
		BCA1D8B22931CC6000E31259 /* ChatsCoordination.swift in Sources */ = {isa = PBXBuildFile; fileRef = BCA1D8B12931CC6000E31259 /* ChatsCoordination.swift */; };
		BCA1D8B729324CB400E31259 /* DependencyContainer.swift in Sources */ = {isa = PBXBuildFile; fileRef = BCA1D8B629324CB400E31259 /* DependencyContainer.swift */; };
		BCA1D8B9293250FF00E31259 /* MainDependencyContainer.swift in Sources */ = {isa = PBXBuildFile; fileRef = BCA1D8B8293250FF00E31259 /* MainDependencyContainer.swift */; };
		BCA434B7284FB9C5001F39D8 /* AppDelegate.swift in Sources */ = {isa = PBXBuildFile; fileRef = BCA434B6284FB9C5001F39D8 /* AppDelegate.swift */; };
		BCA434B9284FB9C5001F39D8 /* SceneDelegate.swift in Sources */ = {isa = PBXBuildFile; fileRef = BCA434B8284FB9C5001F39D8 /* SceneDelegate.swift */; };
		BCA434C1284FB9C5001F39D8 /* Connector.xcdatamodeld in Sources */ = {isa = PBXBuildFile; fileRef = BCA434BF284FB9C5001F39D8 /* Connector.xcdatamodeld */; };
		BCA434C6284FB9C9001F39D8 /* LaunchScreen.storyboard in Resources */ = {isa = PBXBuildFile; fileRef = BCA434C4284FB9C9001F39D8 /* LaunchScreen.storyboard */; };
		BCA434D1284FB9CA001F39D8 /* ConnectorTests.swift in Sources */ = {isa = PBXBuildFile; fileRef = BCA434D0284FB9CA001F39D8 /* ConnectorTests.swift */; };
		BCA434DB284FB9CA001F39D8 /* ConnectorUITests.swift in Sources */ = {isa = PBXBuildFile; fileRef = BCA434DA284FB9CA001F39D8 /* ConnectorUITests.swift */; };
		BCA434DD284FB9CA001F39D8 /* ConnectorUITestsLaunchTests.swift in Sources */ = {isa = PBXBuildFile; fileRef = BCA434DC284FB9CA001F39D8 /* ConnectorUITestsLaunchTests.swift */; };
		BCA434FC284FBB21001F39D8 /* Image+Ext.swift in Sources */ = {isa = PBXBuildFile; fileRef = BCA434EA284FBB20001F39D8 /* Image+Ext.swift */; };
		BCA434FD284FBB21001F39D8 /* String+Ext.swift in Sources */ = {isa = PBXBuildFile; fileRef = BCA434EB284FBB20001F39D8 /* String+Ext.swift */; };
		BCA434FE284FBB21001F39D8 /* ErrorManager.swift in Sources */ = {isa = PBXBuildFile; fileRef = BCA434ED284FBB21001F39D8 /* ErrorManager.swift */; };
		BCA43508284FBB21001F39D8 /* User.swift in Sources */ = {isa = PBXBuildFile; fileRef = BCA434FB284FBB21001F39D8 /* User.swift */; };
		BCA43514284FCBC7001F39D8 /* ChatsTableViewController.swift in Sources */ = {isa = PBXBuildFile; fileRef = BCA43513284FCBC7001F39D8 /* ChatsTableViewController.swift */; };
		BCA4351828506BD8001F39D8 /* ChatTableViewCell.swift in Sources */ = {isa = PBXBuildFile; fileRef = BCA4351728506BD8001F39D8 /* ChatTableViewCell.swift */; };
		BCA435252850A962001F39D8 /* Assets.xcassets in Resources */ = {isa = PBXBuildFile; fileRef = BCA435242850A962001F39D8 /* Assets.xcassets */; };
		BCC098A22898006200C943C3 /* CoreDataManager+Seeders.swift in Sources */ = {isa = PBXBuildFile; fileRef = BCC098A12898006200C943C3 /* CoreDataManager+Seeders.swift */; };
		BCC098A72899721300C943C3 /* UIViewController+Ext.swift in Sources */ = {isa = PBXBuildFile; fileRef = BCC098A62899721300C943C3 /* UIViewController+Ext.swift */; };
		BCC098AB289984D800C943C3 /* MessageComposerView.swift in Sources */ = {isa = PBXBuildFile; fileRef = BCC098AA289984D800C943C3 /* MessageComposerView.swift */; };
		BCEF49B2287C423100EED9DB /* CoreDataError.swift in Sources */ = {isa = PBXBuildFile; fileRef = BCEF49B1287C423100EED9DB /* CoreDataError.swift */; };
		BCEF49B4287C65ED00EED9DB /* CodingUserInfoKey+Ext.swift in Sources */ = {isa = PBXBuildFile; fileRef = BCEF49B3287C65ED00EED9DB /* CodingUserInfoKey+Ext.swift */; };
		BCEF49B6287C6CE900EED9DB /* Contact.swift in Sources */ = {isa = PBXBuildFile; fileRef = BCEF49B5287C6CE900EED9DB /* Contact.swift */; };
		BCEF49B8287C6D4F00EED9DB /* Location.swift in Sources */ = {isa = PBXBuildFile; fileRef = BCEF49B7287C6D4F00EED9DB /* Location.swift */; };
		BCEF49BA287C89E900EED9DB /* ChatRoom.swift in Sources */ = {isa = PBXBuildFile; fileRef = BCEF49B9287C89E900EED9DB /* ChatRoom.swift */; };
		BCEF49BC287CA20A00EED9DB /* UIColor+Ext.swift in Sources */ = {isa = PBXBuildFile; fileRef = BCEF49BB287CA20A00EED9DB /* UIColor+Ext.swift */; };
		BCEF49BE287CA77D00EED9DB /* ChatInputFieldContainer.swift in Sources */ = {isa = PBXBuildFile; fileRef = BCEF49BD287CA77D00EED9DB /* ChatInputFieldContainer.swift */; };
		BCF651432941310300080E61 /* SettingsDataSource.swift in Sources */ = {isa = PBXBuildFile; fileRef = BCF651422941310300080E61 /* SettingsDataSource.swift */; };
		BCF6514629417ACB00080E61 /* SettingsViewController.swift in Sources */ = {isa = PBXBuildFile; fileRef = BCF6514529417ACB00080E61 /* SettingsViewController.swift */; };
		BCF6514829417CAE00080E61 /* SettingsSectionsFactory.swift in Sources */ = {isa = PBXBuildFile; fileRef = BCF6514729417CAE00080E61 /* SettingsSectionsFactory.swift */; };
		BCF6514B2941972E00080E61 /* ChatRoomsDataSource.swift in Sources */ = {isa = PBXBuildFile; fileRef = BCF6514A2941972E00080E61 /* ChatRoomsDataSource.swift */; };
		BCF6514D294197D100080E61 /* TableViewFetchedResultsControllerDelegate.swift in Sources */ = {isa = PBXBuildFile; fileRef = BCF6514C294197D100080E61 /* TableViewFetchedResultsControllerDelegate.swift */; };
		BCF6514F29419C3A00080E61 /* MessagesDataSource.swift in Sources */ = {isa = PBXBuildFile; fileRef = BCF6514E29419C3A00080E61 /* MessagesDataSource.swift */; };
		BCF69A7728B7F998002C650D /* ChatRoom+CoreDataProperties.swift in Sources */ = {isa = PBXBuildFile; fileRef = BCF69A7628B7F998002C650D /* ChatRoom+CoreDataProperties.swift */; };
		BCF69A7928B802B2002C650D /* NetworkError.swift in Sources */ = {isa = PBXBuildFile; fileRef = BCF69A7828B802B2002C650D /* NetworkError.swift */; };
		BCFD63D2293F78D9004479B6 /* UITableView+Ext.swift in Sources */ = {isa = PBXBuildFile; fileRef = BCFD63D1293F78D9004479B6 /* UITableView+Ext.swift */; };
		BCFD63D4293F7EA9004479B6 /* SettingsOption.swift in Sources */ = {isa = PBXBuildFile; fileRef = BCFD63D3293F7EA9004479B6 /* SettingsOption.swift */; };
		BCFD63D8293FA332004479B6 /* TabBarCoordinator.swift in Sources */ = {isa = PBXBuildFile; fileRef = BCFD63D7293FA332004479B6 /* TabBarCoordinator.swift */; };
		BCFD63DA293FA7F3004479B6 /* SettingsCoordination.swift in Sources */ = {isa = PBXBuildFile; fileRef = BCFD63D9293FA7F3004479B6 /* SettingsCoordination.swift */; };
		BCFD63DC293FA9C8004479B6 /* SettingsTableViewController+Actions.swift in Sources */ = {isa = PBXBuildFile; fileRef = BCFD63DB293FA9C8004479B6 /* SettingsTableViewController+Actions.swift */; };
		BCFD63E1293FDBA2004479B6 /* UIButton+Ext.swift in Sources */ = {isa = PBXBuildFile; fileRef = BCFD63E0293FDBA2004479B6 /* UIButton+Ext.swift */; };
		BCFD63E42940D5F6004479B6 /* AuthView.swift in Sources */ = {isa = PBXBuildFile; fileRef = BCFD63E32940D5F6004479B6 /* AuthView.swift */; };
		BCFD63E62940D82A004479B6 /* LoginView.swift in Sources */ = {isa = PBXBuildFile; fileRef = BCFD63E52940D82A004479B6 /* LoginView.swift */; };
		BCFD63E82940D921004479B6 /* SignupView.swift in Sources */ = {isa = PBXBuildFile; fileRef = BCFD63E72940D921004479B6 /* SignupView.swift */; };
/* End PBXBuildFile section */

/* Begin PBXContainerItemProxy section */
		BCA434CD284FB9CA001F39D8 /* PBXContainerItemProxy */ = {
			isa = PBXContainerItemProxy;
			containerPortal = BCA434AB284FB9C5001F39D8 /* Project object */;
			proxyType = 1;
			remoteGlobalIDString = BCA434B2284FB9C5001F39D8;
			remoteInfo = Connector;
		};
		BCA434D7284FB9CA001F39D8 /* PBXContainerItemProxy */ = {
			isa = PBXContainerItemProxy;
			containerPortal = BCA434AB284FB9C5001F39D8 /* Project object */;
			proxyType = 1;
			remoteGlobalIDString = BCA434B2284FB9C5001F39D8;
			remoteInfo = Connector;
		};
/* End PBXContainerItemProxy section */

/* Begin PBXFileReference section */
		4C820E29270AC322EFA59569 /* Pods_ConnectorTests.framework */ = {isa = PBXFileReference; explicitFileType = wrapper.framework; includeInIndex = 0; path = Pods_ConnectorTests.framework; sourceTree = BUILT_PRODUCTS_DIR; };
		5A36048295A853113774CA56 /* Pods-ConnectorTests.debug.xcconfig */ = {isa = PBXFileReference; includeInIndex = 1; lastKnownFileType = text.xcconfig; name = "Pods-ConnectorTests.debug.xcconfig"; path = "Target Support Files/Pods-ConnectorTests/Pods-ConnectorTests.debug.xcconfig"; sourceTree = "<group>"; };
		7453418AA276CC716A55BEAF /* Pods-Connector.debug.xcconfig */ = {isa = PBXFileReference; includeInIndex = 1; lastKnownFileType = text.xcconfig; name = "Pods-Connector.debug.xcconfig"; path = "Target Support Files/Pods-Connector/Pods-Connector.debug.xcconfig"; sourceTree = "<group>"; };
		8802BB053213CAA5ABDD7B93 /* Pods-Connector.release.xcconfig */ = {isa = PBXFileReference; includeInIndex = 1; lastKnownFileType = text.xcconfig; name = "Pods-Connector.release.xcconfig"; path = "Target Support Files/Pods-Connector/Pods-Connector.release.xcconfig"; sourceTree = "<group>"; };
		9DB5BAA7F63C34760C8BE10B /* Pods-Connector-ConnectorUITests.release.xcconfig */ = {isa = PBXFileReference; includeInIndex = 1; lastKnownFileType = text.xcconfig; name = "Pods-Connector-ConnectorUITests.release.xcconfig"; path = "Target Support Files/Pods-Connector-ConnectorUITests/Pods-Connector-ConnectorUITests.release.xcconfig"; sourceTree = "<group>"; };
		AEB678B1488F3A6B15C00163 /* Pods_Connector_ConnectorUITests.framework */ = {isa = PBXFileReference; explicitFileType = wrapper.framework; includeInIndex = 0; path = Pods_Connector_ConnectorUITests.framework; sourceTree = BUILT_PRODUCTS_DIR; };
		BC096845292D0F8F00FCF926 /* Coordinator.swift */ = {isa = PBXFileReference; lastKnownFileType = sourcecode.swift; path = Coordinator.swift; sourceTree = "<group>"; };
		BC09684C292D135300FCF926 /* MainCoordinator.swift */ = {isa = PBXFileReference; lastKnownFileType = sourcecode.swift; path = MainCoordinator.swift; sourceTree = "<group>"; };
		BC0C3FD328809A0B00A65D9D /* SearchResultsTableViewController.swift */ = {isa = PBXFileReference; lastKnownFileType = sourcecode.swift; path = SearchResultsTableViewController.swift; sourceTree = "<group>"; };
		BC0C3FD528809AFC00A65D9D /* SearchResultsTableViewCell.swift */ = {isa = PBXFileReference; lastKnownFileType = sourcecode.swift; path = SearchResultsTableViewCell.swift; sourceTree = "<group>"; };
		BC0C3FD728809D5500A65D9D /* RemoteImageView.swift */ = {isa = PBXFileReference; lastKnownFileType = sourcecode.swift; path = RemoteImageView.swift; sourceTree = "<group>"; };
		BC0C3FDA2880AA2B00A65D9D /* SearchResultsControllerDelegate.swift */ = {isa = PBXFileReference; lastKnownFileType = sourcecode.swift; path = SearchResultsControllerDelegate.swift; sourceTree = "<group>"; };
		BC125DB728B7EB59008D8C89 /* ChatsTableViewController+SearchControllerDelegate.swift */ = {isa = PBXFileReference; lastKnownFileType = sourcecode.swift; path = "ChatsTableViewController+SearchControllerDelegate.swift"; sourceTree = "<group>"; };
		BC1C7C47294108F90092A290 /* KeyboardAvoidingView.swift */ = {isa = PBXFileReference; lastKnownFileType = sourcecode.swift; path = KeyboardAvoidingView.swift; sourceTree = "<group>"; };
		BC20D2882933AA890089DF71 /* ChatRoomServices.swift */ = {isa = PBXFileReference; lastKnownFileType = sourcecode.swift; path = ChatRoomServices.swift; sourceTree = "<group>"; };
		BC20D28B2933D98B0089DF71 /* EncodingAndDecodingErrors.swift */ = {isa = PBXFileReference; lastKnownFileType = sourcecode.swift; path = EncodingAndDecodingErrors.swift; sourceTree = "<group>"; };
		BC20D28E2934FEA00089DF71 /* SettingsViewModel.swift */ = {isa = PBXFileReference; lastKnownFileType = sourcecode.swift; path = SettingsViewModel.swift; sourceTree = "<group>"; };
		BC20D29129365A070089DF71 /* UserDefaultsPropertyWrapper.swift */ = {isa = PBXFileReference; lastKnownFileType = sourcecode.swift; path = UserDefaultsPropertyWrapper.swift; sourceTree = "<group>"; };
		BC20D2952937A8010089DF71 /* KeychainManager.swift */ = {isa = PBXFileReference; lastKnownFileType = sourcecode.swift; path = KeychainManager.swift; sourceTree = "<group>"; };
		BC20D2972937AF300089DF71 /* KeychainPropertyWrapper.swift */ = {isa = PBXFileReference; lastKnownFileType = sourcecode.swift; path = KeychainPropertyWrapper.swift; sourceTree = "<group>"; };
		BC50BACC28EC575E006D8E22 /* FirebaseManager.swift */ = {isa = PBXFileReference; lastKnownFileType = sourcecode.swift; path = FirebaseManager.swift; sourceTree = "<group>"; };
		BC50BAD028EC6F04006D8E22 /* UserNetworkServices.swift */ = {isa = PBXFileReference; lastKnownFileType = sourcecode.swift; path = UserNetworkServices.swift; sourceTree = "<group>"; };
		BC50BAD228EC8BC6006D8E22 /* AuthServices.swift */ = {isa = PBXFileReference; lastKnownFileType = sourcecode.swift; path = AuthServices.swift; sourceTree = "<group>"; };
		BC50BAD528EC93D6006D8E22 /* AuthServicesProtocol.swift */ = {isa = PBXFileReference; lastKnownFileType = sourcecode.swift; path = AuthServicesProtocol.swift; sourceTree = "<group>"; };
		BC50BAD728EDC948006D8E22 /* ChatMessageNetworkServices.swift */ = {isa = PBXFileReference; lastKnownFileType = sourcecode.swift; path = ChatMessageNetworkServices.swift; sourceTree = "<group>"; };
		BC50BADA28EDF401006D8E22 /* ChatRoomViewModel.swift */ = {isa = PBXFileReference; lastKnownFileType = sourcecode.swift; path = ChatRoomViewModel.swift; sourceTree = "<group>"; };
		BC50BADE28EE0C6C006D8E22 /* ChatsTableViewModel.swift */ = {isa = PBXFileReference; lastKnownFileType = sourcecode.swift; path = ChatsTableViewModel.swift; sourceTree = "<group>"; };
		BC6B2D9428E99DE900AC4E71 /* AuthViewModel.swift */ = {isa = PBXFileReference; lastKnownFileType = sourcecode.swift; path = AuthViewModel.swift; sourceTree = "<group>"; };
		BC6B2D9628E99ED600AC4E71 /* Validatable.swift */ = {isa = PBXFileReference; lastKnownFileType = sourcecode.swift; path = Validatable.swift; sourceTree = "<group>"; };
		BC6B2D9A28E9D15300AC4E71 /* BidirectionalStringCollection+Ext.swift */ = {isa = PBXFileReference; fileEncoding = 4; lastKnownFileType = sourcecode.swift; path = "BidirectionalStringCollection+Ext.swift"; sourceTree = "<group>"; };
		BC6B2D9C28EA0EC400AC4E71 /* UITextField+Ext.swift */ = {isa = PBXFileReference; lastKnownFileType = sourcecode.swift; path = "UITextField+Ext.swift"; sourceTree = "<group>"; };
		BC6B2DA328EB124000AC4E71 /* User+CoreDataProperties.swift */ = {isa = PBXFileReference; lastKnownFileType = sourcecode.swift; name = "User+CoreDataProperties.swift"; path = "Connector/Models/User/User+CoreDataProperties.swift"; sourceTree = SOURCE_ROOT; };
		BC6B2DA828EB1A7100AC4E71 /* AuthNetworkServicesProtocol.swift */ = {isa = PBXFileReference; lastKnownFileType = sourcecode.swift; path = AuthNetworkServicesProtocol.swift; sourceTree = "<group>"; };
		BC6B2DAB28EB1B6900AC4E71 /* AuthNetworkServices.swift */ = {isa = PBXFileReference; lastKnownFileType = sourcecode.swift; path = AuthNetworkServices.swift; sourceTree = "<group>"; };
		BC6F899E287B3C5E0023E2A6 /* ChatMessageServices.swift */ = {isa = PBXFileReference; lastKnownFileType = sourcecode.swift; path = ChatMessageServices.swift; sourceTree = "<group>"; };
		BC6F89A8287C13AB0023E2A6 /* UserDefaultsManager.swift */ = {isa = PBXFileReference; lastKnownFileType = sourcecode.swift; path = UserDefaultsManager.swift; sourceTree = "<group>"; };
		BC6F89B8287C1F130023E2A6 /* Message.swift */ = {isa = PBXFileReference; lastKnownFileType = sourcecode.swift; path = Message.swift; sourceTree = SOURCE_ROOT; };
		BC6F89BD287C22320023E2A6 /* GenericErrors.swift */ = {isa = PBXFileReference; lastKnownFileType = sourcecode.swift; path = GenericErrors.swift; sourceTree = "<group>"; };
		BC6F89BF287C23FC0023E2A6 /* UserFriendlyError.swift */ = {isa = PBXFileReference; lastKnownFileType = sourcecode.swift; path = UserFriendlyError.swift; sourceTree = "<group>"; };
		BC6F89C1287C353E0023E2A6 /* CoreDataManager.swift */ = {isa = PBXFileReference; lastKnownFileType = sourcecode.swift; path = CoreDataManager.swift; sourceTree = "<group>"; };
		BC7600B7287EC307003F6079 /* TextFieldView.swift */ = {isa = PBXFileReference; lastKnownFileType = sourcecode.swift; path = TextFieldView.swift; sourceTree = "<group>"; };
		BC7C310C29419FC50060B888 /* ChatRoomView.swift */ = {isa = PBXFileReference; lastKnownFileType = sourcecode.swift; path = ChatRoomView.swift; sourceTree = "<group>"; };
		BC7C310E294253AB0060B888 /* UserPreferences.swift */ = {isa = PBXFileReference; lastKnownFileType = sourcecode.swift; path = UserPreferences.swift; sourceTree = "<group>"; };
		BC7C3110294256A20060B888 /* UserPreferencesServicesProtocol.swift */ = {isa = PBXFileReference; lastKnownFileType = sourcecode.swift; path = UserPreferencesServicesProtocol.swift; sourceTree = "<group>"; };
		BC7C3112294257250060B888 /* UserPreferencesServices.swift */ = {isa = PBXFileReference; lastKnownFileType = sourcecode.swift; path = UserPreferencesServices.swift; sourceTree = "<group>"; };
		BC7C3114294261B80060B888 /* UIApplication+Ext.swift */ = {isa = PBXFileReference; lastKnownFileType = sourcecode.swift; path = "UIApplication+Ext.swift"; sourceTree = "<group>"; };
		BC7FAE8928B6E42800872075 /* Date+Ext.swift */ = {isa = PBXFileReference; lastKnownFileType = sourcecode.swift; path = "Date+Ext.swift"; sourceTree = "<group>"; };
		BC8A1476293260D4001D0FA1 /* ViewControllerFactories.swift */ = {isa = PBXFileReference; lastKnownFileType = sourcecode.swift; path = ViewControllerFactories.swift; sourceTree = "<group>"; };
		BC8A147829327ACD001D0FA1 /* UserServices.swift */ = {isa = PBXFileReference; lastKnownFileType = sourcecode.swift; path = UserServices.swift; sourceTree = "<group>"; };
		BC8A147F29327BA1001D0FA1 /* UserServicesProtocol.swift */ = {isa = PBXFileReference; lastKnownFileType = sourcecode.swift; path = UserServicesProtocol.swift; sourceTree = "<group>"; };
		BC8EBA0B28B64C5400D96E8B /* FirebaseCodableMo.swift */ = {isa = PBXFileReference; lastKnownFileType = sourcecode.swift; path = FirebaseCodableMo.swift; sourceTree = "<group>"; };
		BC9358A728B52854006AF888 /* GoogleService-Info.plist */ = {isa = PBXFileReference; fileEncoding = 4; lastKnownFileType = text.plist.xml; path = "GoogleService-Info.plist"; sourceTree = "<group>"; };
		BC960E792850ADDD00C9ED68 /* RootTabBarController.swift */ = {isa = PBXFileReference; lastKnownFileType = sourcecode.swift; path = RootTabBarController.swift; sourceTree = "<group>"; };
		BC960E7B2850B11A00C9ED68 /* CallsTableViewController.swift */ = {isa = PBXFileReference; lastKnownFileType = sourcecode.swift; path = CallsTableViewController.swift; sourceTree = "<group>"; };
		BC960E7D2850B24500C9ED68 /* SettingsTableViewController.swift */ = {isa = PBXFileReference; lastKnownFileType = sourcecode.swift; path = SettingsTableViewController.swift; sourceTree = "<group>"; };
		BC960E832850E7EE00C9ED68 /* ChatRoomViewController.swift */ = {isa = PBXFileReference; lastKnownFileType = sourcecode.swift; path = ChatRoomViewController.swift; sourceTree = "<group>"; };
		BC960E852850EE1400C9ED68 /* EditableTextView.swift */ = {isa = PBXFileReference; fileEncoding = 4; lastKnownFileType = sourcecode.swift; path = EditableTextView.swift; sourceTree = "<group>"; };
		BC960E872850EEA400C9ED68 /* EditableTextView+Ext.swift */ = {isa = PBXFileReference; fileEncoding = 4; lastKnownFileType = sourcecode.swift; path = "EditableTextView+Ext.swift"; sourceTree = "<group>"; };
		BC960E8A2850EF2C00C9ED68 /* LayoutTools.swift */ = {isa = PBXFileReference; fileEncoding = 4; lastKnownFileType = sourcecode.swift; path = LayoutTools.swift; sourceTree = "<group>"; };
		BC960E8E28511F0C00C9ED68 /* MessageTableViewCell.swift */ = {isa = PBXFileReference; lastKnownFileType = sourcecode.swift; path = MessageTableViewCell.swift; sourceTree = "<group>"; };
		BC960E9128523B4300C9ED68 /* PlainTextMessageTableViewCell.swift */ = {isa = PBXFileReference; lastKnownFileType = sourcecode.swift; path = PlainTextMessageTableViewCell.swift; sourceTree = "<group>"; };
		BC99C6AA287EEE42008DFE97 /* PrimaryBtn.swift */ = {isa = PBXFileReference; fileEncoding = 4; lastKnownFileType = sourcecode.swift; path = PrimaryBtn.swift; sourceTree = "<group>"; };
		BC99C6AC287EF2C1008DFE97 /* UIStackView+Ext.swift */ = {isa = PBXFileReference; fileEncoding = 4; lastKnownFileType = sourcecode.swift; path = "UIStackView+Ext.swift"; sourceTree = "<group>"; };
		BC99C6B0287EFDEA008DFE97 /* LoginViewController.swift */ = {isa = PBXFileReference; lastKnownFileType = sourcecode.swift; path = LoginViewController.swift; sourceTree = "<group>"; };
		BC99C6B2287EFF09008DFE97 /* SignupViewController.swift */ = {isa = PBXFileReference; lastKnownFileType = sourcecode.swift; path = SignupViewController.swift; sourceTree = "<group>"; };
		BC99C6BD287F0565008DFE97 /* LayoutConstants.swift */ = {isa = PBXFileReference; fileEncoding = 4; lastKnownFileType = sourcecode.swift; path = LayoutConstants.swift; sourceTree = "<group>"; };
		BC99C6D0287F1448008DFE97 /* AlertPopup.swift */ = {isa = PBXFileReference; fileEncoding = 4; lastKnownFileType = sourcecode.swift; path = AlertPopup.swift; sourceTree = "<group>"; };
		BC99C6D5287F1448008DFE97 /* Popup.swift */ = {isa = PBXFileReference; fileEncoding = 4; lastKnownFileType = sourcecode.swift; path = Popup.swift; sourceTree = "<group>"; };
		BC99C6DE287F14BA008DFE97 /* UIView+Ext.swift */ = {isa = PBXFileReference; fileEncoding = 4; lastKnownFileType = sourcecode.swift; path = "UIView+Ext.swift"; sourceTree = "<group>"; };
		BC99C6E0287F1591008DFE97 /* UIDirection.swift */ = {isa = PBXFileReference; fileEncoding = 4; lastKnownFileType = sourcecode.swift; path = UIDirection.swift; sourceTree = "<group>"; };
		BC99C6E4287F1872008DFE97 /* AlertPopupAction.swift */ = {isa = PBXFileReference; fileEncoding = 4; lastKnownFileType = sourcecode.swift; path = AlertPopupAction.swift; sourceTree = "<group>"; };
		BC9DA743293A4F8300C44FCA /* ChatRoomServicesProtocol.swift */ = {isa = PBXFileReference; lastKnownFileType = sourcecode.swift; path = ChatRoomServicesProtocol.swift; sourceTree = "<group>"; };
		BC9DA745293A505500C44FCA /* UserNetworkServicesProtocol.swift */ = {isa = PBXFileReference; lastKnownFileType = sourcecode.swift; path = UserNetworkServicesProtocol.swift; sourceTree = "<group>"; };
		BC9DA747293A53A000C44FCA /* ChatMessageServicesProtocol.swift */ = {isa = PBXFileReference; lastKnownFileType = sourcecode.swift; path = ChatMessageServicesProtocol.swift; sourceTree = "<group>"; };
		BC9DA749293A560900C44FCA /* ChatMessageNetworkServicesProtocol.swift */ = {isa = PBXFileReference; lastKnownFileType = sourcecode.swift; path = ChatMessageNetworkServicesProtocol.swift; sourceTree = "<group>"; };
		BCA1D8A329311EE100E31259 /* ChatsCoordinator.swift */ = {isa = PBXFileReference; lastKnownFileType = sourcecode.swift; path = ChatsCoordinator.swift; sourceTree = "<group>"; };
		BCA1D8A52931201700E31259 /* CallsCoordinator.swift */ = {isa = PBXFileReference; lastKnownFileType = sourcecode.swift; path = CallsCoordinator.swift; sourceTree = "<group>"; };
		BCA1D8A72931204400E31259 /* SettingsCoordinator.swift */ = {isa = PBXFileReference; lastKnownFileType = sourcecode.swift; path = SettingsCoordinator.swift; sourceTree = "<group>"; };
		BCA1D8AB2931292A00E31259 /* AuthCoordinator.swift */ = {isa = PBXFileReference; lastKnownFileType = sourcecode.swift; path = AuthCoordinator.swift; sourceTree = "<group>"; };
		BCA1D8AD2931B40200E31259 /* AuthCoordination.swift */ = {isa = PBXFileReference; lastKnownFileType = sourcecode.swift; path = AuthCoordination.swift; sourceTree = "<group>"; };
		BCA1D8AF2931BA1D00E31259 /* UINavigationController+Ext.swift */ = {isa = PBXFileReference; lastKnownFileType = sourcecode.swift; path = "UINavigationController+Ext.swift"; sourceTree = "<group>"; };
		BCA1D8B12931CC6000E31259 /* ChatsCoordination.swift */ = {isa = PBXFileReference; lastKnownFileType = sourcecode.swift; path = ChatsCoordination.swift; sourceTree = "<group>"; };
		BCA1D8B629324CB400E31259 /* DependencyContainer.swift */ = {isa = PBXFileReference; lastKnownFileType = sourcecode.swift; path = DependencyContainer.swift; sourceTree = "<group>"; };
		BCA1D8B8293250FF00E31259 /* MainDependencyContainer.swift */ = {isa = PBXFileReference; lastKnownFileType = sourcecode.swift; path = MainDependencyContainer.swift; sourceTree = "<group>"; };
		BCA434B3284FB9C5001F39D8 /* Connector.app */ = {isa = PBXFileReference; explicitFileType = wrapper.application; includeInIndex = 0; path = Connector.app; sourceTree = BUILT_PRODUCTS_DIR; };
		BCA434B6284FB9C5001F39D8 /* AppDelegate.swift */ = {isa = PBXFileReference; lastKnownFileType = sourcecode.swift; path = AppDelegate.swift; sourceTree = "<group>"; };
		BCA434B8284FB9C5001F39D8 /* SceneDelegate.swift */ = {isa = PBXFileReference; lastKnownFileType = sourcecode.swift; path = SceneDelegate.swift; sourceTree = "<group>"; };
		BCA434C0284FB9C5001F39D8 /* Connector.xcdatamodel */ = {isa = PBXFileReference; lastKnownFileType = wrapper.xcdatamodel; path = Connector.xcdatamodel; sourceTree = "<group>"; };
		BCA434C5284FB9C9001F39D8 /* Base */ = {isa = PBXFileReference; lastKnownFileType = file.storyboard; name = Base; path = Base.lproj/LaunchScreen.storyboard; sourceTree = "<group>"; };
		BCA434C7284FB9C9001F39D8 /* Info.plist */ = {isa = PBXFileReference; lastKnownFileType = text.plist.xml; path = Info.plist; sourceTree = "<group>"; };
		BCA434CC284FB9CA001F39D8 /* ConnectorTests.xctest */ = {isa = PBXFileReference; explicitFileType = wrapper.cfbundle; includeInIndex = 0; path = ConnectorTests.xctest; sourceTree = BUILT_PRODUCTS_DIR; };
		BCA434D0284FB9CA001F39D8 /* ConnectorTests.swift */ = {isa = PBXFileReference; lastKnownFileType = sourcecode.swift; path = ConnectorTests.swift; sourceTree = "<group>"; };
		BCA434D6284FB9CA001F39D8 /* ConnectorUITests.xctest */ = {isa = PBXFileReference; explicitFileType = wrapper.cfbundle; includeInIndex = 0; path = ConnectorUITests.xctest; sourceTree = BUILT_PRODUCTS_DIR; };
		BCA434DA284FB9CA001F39D8 /* ConnectorUITests.swift */ = {isa = PBXFileReference; lastKnownFileType = sourcecode.swift; path = ConnectorUITests.swift; sourceTree = "<group>"; };
		BCA434DC284FB9CA001F39D8 /* ConnectorUITestsLaunchTests.swift */ = {isa = PBXFileReference; lastKnownFileType = sourcecode.swift; path = ConnectorUITestsLaunchTests.swift; sourceTree = "<group>"; };
		BCA434EA284FBB20001F39D8 /* Image+Ext.swift */ = {isa = PBXFileReference; fileEncoding = 4; lastKnownFileType = sourcecode.swift; path = "Image+Ext.swift"; sourceTree = "<group>"; };
		BCA434EB284FBB20001F39D8 /* String+Ext.swift */ = {isa = PBXFileReference; fileEncoding = 4; lastKnownFileType = sourcecode.swift; path = "String+Ext.swift"; sourceTree = "<group>"; };
		BCA434ED284FBB21001F39D8 /* ErrorManager.swift */ = {isa = PBXFileReference; fileEncoding = 4; lastKnownFileType = sourcecode.swift; path = ErrorManager.swift; sourceTree = "<group>"; };
		BCA434FB284FBB21001F39D8 /* User.swift */ = {isa = PBXFileReference; fileEncoding = 4; lastKnownFileType = sourcecode.swift; path = User.swift; sourceTree = "<group>"; };
		BCA43513284FCBC7001F39D8 /* ChatsTableViewController.swift */ = {isa = PBXFileReference; lastKnownFileType = sourcecode.swift; path = ChatsTableViewController.swift; sourceTree = "<group>"; };
		BCA4351728506BD8001F39D8 /* ChatTableViewCell.swift */ = {isa = PBXFileReference; lastKnownFileType = sourcecode.swift; path = ChatTableViewCell.swift; sourceTree = "<group>"; };
		BCA435242850A962001F39D8 /* Assets.xcassets */ = {isa = PBXFileReference; lastKnownFileType = folder.assetcatalog; path = Assets.xcassets; sourceTree = "<group>"; };
		BCC098A12898006200C943C3 /* CoreDataManager+Seeders.swift */ = {isa = PBXFileReference; lastKnownFileType = sourcecode.swift; path = "CoreDataManager+Seeders.swift"; sourceTree = "<group>"; };
		BCC098A62899721300C943C3 /* UIViewController+Ext.swift */ = {isa = PBXFileReference; fileEncoding = 4; lastKnownFileType = sourcecode.swift; name = "UIViewController+Ext.swift"; path = "../../../Enjaz/Enjaz/Extensions/UIViewController+Ext.swift"; sourceTree = "<group>"; };
		BCC098AA289984D800C943C3 /* MessageComposerView.swift */ = {isa = PBXFileReference; lastKnownFileType = sourcecode.swift; path = MessageComposerView.swift; sourceTree = "<group>"; };
		BCEF49B1287C423100EED9DB /* CoreDataError.swift */ = {isa = PBXFileReference; lastKnownFileType = sourcecode.swift; path = CoreDataError.swift; sourceTree = "<group>"; };
		BCEF49B3287C65ED00EED9DB /* CodingUserInfoKey+Ext.swift */ = {isa = PBXFileReference; lastKnownFileType = sourcecode.swift; path = "CodingUserInfoKey+Ext.swift"; sourceTree = "<group>"; };
		BCEF49B5287C6CE900EED9DB /* Contact.swift */ = {isa = PBXFileReference; lastKnownFileType = sourcecode.swift; path = Contact.swift; sourceTree = "<group>"; };
		BCEF49B7287C6D4F00EED9DB /* Location.swift */ = {isa = PBXFileReference; lastKnownFileType = sourcecode.swift; path = Location.swift; sourceTree = "<group>"; };
		BCEF49B9287C89E900EED9DB /* ChatRoom.swift */ = {isa = PBXFileReference; lastKnownFileType = sourcecode.swift; path = ChatRoom.swift; sourceTree = "<group>"; };
		BCEF49BB287CA20A00EED9DB /* UIColor+Ext.swift */ = {isa = PBXFileReference; lastKnownFileType = sourcecode.swift; path = "UIColor+Ext.swift"; sourceTree = "<group>"; };
		BCEF49BD287CA77D00EED9DB /* ChatInputFieldContainer.swift */ = {isa = PBXFileReference; lastKnownFileType = sourcecode.swift; path = ChatInputFieldContainer.swift; sourceTree = "<group>"; };
		BCF651422941310300080E61 /* SettingsDataSource.swift */ = {isa = PBXFileReference; lastKnownFileType = sourcecode.swift; path = SettingsDataSource.swift; sourceTree = "<group>"; };
		BCF6514529417ACB00080E61 /* SettingsViewController.swift */ = {isa = PBXFileReference; lastKnownFileType = sourcecode.swift; path = SettingsViewController.swift; sourceTree = "<group>"; };
		BCF6514729417CAE00080E61 /* SettingsSectionsFactory.swift */ = {isa = PBXFileReference; lastKnownFileType = sourcecode.swift; path = SettingsSectionsFactory.swift; sourceTree = "<group>"; };
		BCF6514A2941972E00080E61 /* ChatRoomsDataSource.swift */ = {isa = PBXFileReference; lastKnownFileType = sourcecode.swift; path = ChatRoomsDataSource.swift; sourceTree = "<group>"; };
		BCF6514C294197D100080E61 /* TableViewFetchedResultsControllerDelegate.swift */ = {isa = PBXFileReference; lastKnownFileType = sourcecode.swift; path = TableViewFetchedResultsControllerDelegate.swift; sourceTree = "<group>"; };
		BCF6514E29419C3A00080E61 /* MessagesDataSource.swift */ = {isa = PBXFileReference; lastKnownFileType = sourcecode.swift; path = MessagesDataSource.swift; sourceTree = "<group>"; };
		BCF69A7628B7F998002C650D /* ChatRoom+CoreDataProperties.swift */ = {isa = PBXFileReference; fileEncoding = 4; lastKnownFileType = sourcecode.swift; path = "ChatRoom+CoreDataProperties.swift"; sourceTree = "<group>"; };
		BCF69A7828B802B2002C650D /* NetworkError.swift */ = {isa = PBXFileReference; fileEncoding = 4; lastKnownFileType = sourcecode.swift; path = NetworkError.swift; sourceTree = "<group>"; };
		BCFD63D1293F78D9004479B6 /* UITableView+Ext.swift */ = {isa = PBXFileReference; lastKnownFileType = sourcecode.swift; path = "UITableView+Ext.swift"; sourceTree = "<group>"; };
		BCFD63D3293F7EA9004479B6 /* SettingsOption.swift */ = {isa = PBXFileReference; lastKnownFileType = sourcecode.swift; path = SettingsOption.swift; sourceTree = "<group>"; };
		BCFD63D7293FA332004479B6 /* TabBarCoordinator.swift */ = {isa = PBXFileReference; lastKnownFileType = sourcecode.swift; path = TabBarCoordinator.swift; sourceTree = "<group>"; };
		BCFD63D9293FA7F3004479B6 /* SettingsCoordination.swift */ = {isa = PBXFileReference; lastKnownFileType = sourcecode.swift; path = SettingsCoordination.swift; sourceTree = "<group>"; };
		BCFD63DB293FA9C8004479B6 /* SettingsTableViewController+Actions.swift */ = {isa = PBXFileReference; lastKnownFileType = sourcecode.swift; path = "SettingsTableViewController+Actions.swift"; sourceTree = "<group>"; };
		BCFD63E0293FDBA2004479B6 /* UIButton+Ext.swift */ = {isa = PBXFileReference; lastKnownFileType = sourcecode.swift; path = "UIButton+Ext.swift"; sourceTree = "<group>"; };
		BCFD63E32940D5F6004479B6 /* AuthView.swift */ = {isa = PBXFileReference; lastKnownFileType = sourcecode.swift; path = AuthView.swift; sourceTree = "<group>"; };
		BCFD63E52940D82A004479B6 /* LoginView.swift */ = {isa = PBXFileReference; lastKnownFileType = sourcecode.swift; path = LoginView.swift; sourceTree = "<group>"; };
		BCFD63E72940D921004479B6 /* SignupView.swift */ = {isa = PBXFileReference; lastKnownFileType = sourcecode.swift; path = SignupView.swift; sourceTree = "<group>"; };
		CB7A74EAAA2F7EBABC4EF6CF /* Pods_Connector.framework */ = {isa = PBXFileReference; explicitFileType = wrapper.framework; includeInIndex = 0; path = Pods_Connector.framework; sourceTree = BUILT_PRODUCTS_DIR; };
		E2983CDB6805B2AB39C4415B /* Pods-Connector-ConnectorUITests.debug.xcconfig */ = {isa = PBXFileReference; includeInIndex = 1; lastKnownFileType = text.xcconfig; name = "Pods-Connector-ConnectorUITests.debug.xcconfig"; path = "Target Support Files/Pods-Connector-ConnectorUITests/Pods-Connector-ConnectorUITests.debug.xcconfig"; sourceTree = "<group>"; };
		ED9B0BA554536B894118FE0D /* Pods-ConnectorTests.release.xcconfig */ = {isa = PBXFileReference; includeInIndex = 1; lastKnownFileType = text.xcconfig; name = "Pods-ConnectorTests.release.xcconfig"; path = "Target Support Files/Pods-ConnectorTests/Pods-ConnectorTests.release.xcconfig"; sourceTree = "<group>"; };
/* End PBXFileReference section */

/* Begin PBXFrameworksBuildPhase section */
		BCA434B0284FB9C5001F39D8 /* Frameworks */ = {
			isa = PBXFrameworksBuildPhase;
			buildActionMask = 2147483647;
			files = (
				5EB15671F9C644B45E332F94 /* Pods_Connector.framework in Frameworks */,
			);
			runOnlyForDeploymentPostprocessing = 0;
		};
		BCA434C9284FB9CA001F39D8 /* Frameworks */ = {
			isa = PBXFrameworksBuildPhase;
			buildActionMask = 2147483647;
			files = (
				2852D1D94300899AEB6B3908 /* Pods_ConnectorTests.framework in Frameworks */,
			);
			runOnlyForDeploymentPostprocessing = 0;
		};
		BCA434D3284FB9CA001F39D8 /* Frameworks */ = {
			isa = PBXFrameworksBuildPhase;
			buildActionMask = 2147483647;
			files = (
				6DE14DB9D20EE8273C848C42 /* Pods_Connector_ConnectorUITests.framework in Frameworks */,
			);
			runOnlyForDeploymentPostprocessing = 0;
		};
/* End PBXFrameworksBuildPhase section */

/* Begin PBXGroup section */
		68BA8AEB16E529D62A33F63B /* Frameworks */ = {
			isa = PBXGroup;
			children = (
				CB7A74EAAA2F7EBABC4EF6CF /* Pods_Connector.framework */,
				AEB678B1488F3A6B15C00163 /* Pods_Connector_ConnectorUITests.framework */,
				4C820E29270AC322EFA59569 /* Pods_ConnectorTests.framework */,
			);
			name = Frameworks;
			sourceTree = "<group>";
		};
		8F61F63590C028F1D433B0B8 /* Pods */ = {
			isa = PBXGroup;
			children = (
				7453418AA276CC716A55BEAF /* Pods-Connector.debug.xcconfig */,
				8802BB053213CAA5ABDD7B93 /* Pods-Connector.release.xcconfig */,
				E2983CDB6805B2AB39C4415B /* Pods-Connector-ConnectorUITests.debug.xcconfig */,
				9DB5BAA7F63C34760C8BE10B /* Pods-Connector-ConnectorUITests.release.xcconfig */,
				5A36048295A853113774CA56 /* Pods-ConnectorTests.debug.xcconfig */,
				ED9B0BA554536B894118FE0D /* Pods-ConnectorTests.release.xcconfig */,
			);
			path = Pods;
			sourceTree = "<group>";
		};
		BC096847292D102000FCF926 /* Coordinators */ = {
			isa = PBXGroup;
			children = (
				BC09684C292D135300FCF926 /* MainCoordinator.swift */,
				BCA1D8AB2931292A00E31259 /* AuthCoordinator.swift */,
				BCFD63D7293FA332004479B6 /* TabBarCoordinator.swift */,
				BCA1D8A329311EE100E31259 /* ChatsCoordinator.swift */,
				BCA1D8A52931201700E31259 /* CallsCoordinator.swift */,
				BCA1D8A72931204400E31259 /* SettingsCoordinator.swift */,
			);
			path = Coordinators;
			sourceTree = "<group>";
		};
		BC125DB628B7EB26008D8C89 /* ChatsTableViewController */ = {
			isa = PBXGroup;
			children = (
				BCA43513284FCBC7001F39D8 /* ChatsTableViewController.swift */,
				BC125DB728B7EB59008D8C89 /* ChatsTableViewController+SearchControllerDelegate.swift */,
			);
			path = ChatsTableViewController;
			sourceTree = "<group>";
		};
		BC20D28A2933AAA60089DF71 /* ChatRoomServices */ = {
			isa = PBXGroup;
			children = (
				BC20D2882933AA890089DF71 /* ChatRoomServices.swift */,
			);
			path = ChatRoomServices;
			sourceTree = "<group>";
		};
		BC20D28D2933E2C30089DF71 /* Errors */ = {
			isa = PBXGroup;
			children = (
				BC6F89BD287C22320023E2A6 /* GenericErrors.swift */,
				BCF69A7828B802B2002C650D /* NetworkError.swift */,
				BCEF49B1287C423100EED9DB /* CoreDataError.swift */,
				BC20D28B2933D98B0089DF71 /* EncodingAndDecodingErrors.swift */,
			);
			path = Errors;
			sourceTree = "<group>";
		};
		BC20D290293659D40089DF71 /* PropertyWrappers */ = {
			isa = PBXGroup;
			children = (
				BC20D29129365A070089DF71 /* UserDefaultsPropertyWrapper.swift */,
				BC20D2972937AF300089DF71 /* KeychainPropertyWrapper.swift */,
			);
			path = PropertyWrappers;
			sourceTree = "<group>";
		};
		BC50BAD428EC91B6006D8E22 /* AuthServices */ = {
			isa = PBXGroup;
			children = (
				BC50BAD228EC8BC6006D8E22 /* AuthServices.swift */,
				BC6B2DAB28EB1B6900AC4E71 /* AuthNetworkServices.swift */,
			);
			path = AuthServices;
			sourceTree = "<group>";
		};
		BC50BAD928EDD143006D8E22 /* ChatMessageServices */ = {
			isa = PBXGroup;
			children = (
				BC6F899E287B3C5E0023E2A6 /* ChatMessageServices.swift */,
				BC50BAD728EDC948006D8E22 /* ChatMessageNetworkServices.swift */,
			);
			path = ChatMessageServices;
			sourceTree = "<group>";
		};
		BC6B2D9328E99DB800AC4E71 /* ViewModels */ = {
			isa = PBXGroup;
			children = (
				BC6B2D9428E99DE900AC4E71 /* AuthViewModel.swift */,
				BC50BADA28EDF401006D8E22 /* ChatRoomViewModel.swift */,
				BC50BADE28EE0C6C006D8E22 /* ChatsTableViewModel.swift */,
				BC20D28E2934FEA00089DF71 /* SettingsViewModel.swift */,
			);
			path = ViewModels;
			sourceTree = "<group>";
		};
		BC6B2DA628EB12DE00AC4E71 /* User */ = {
			isa = PBXGroup;
			children = (
				BCA434FB284FBB21001F39D8 /* User.swift */,
				BC6B2DA328EB124000AC4E71 /* User+CoreDataProperties.swift */,
			);
			path = User;
			sourceTree = "<group>";
		};
		BC6B2DA728EB12E700AC4E71 /* ChatRoom */ = {
			isa = PBXGroup;
			children = (
				BCEF49B9287C89E900EED9DB /* ChatRoom.swift */,
				BCF69A7628B7F998002C650D /* ChatRoom+CoreDataProperties.swift */,
			);
			path = ChatRoom;
			sourceTree = "<group>";
		};
		BC6B2DAA28EB1B4C00AC4E71 /* Services */ = {
			isa = PBXGroup;
			children = (
				BC8A147A29327AD5001D0FA1 /* UserServices */,
				BC50BAD428EC91B6006D8E22 /* AuthServices */,
				BC20D28A2933AAA60089DF71 /* ChatRoomServices */,
				BC50BAD928EDD143006D8E22 /* ChatMessageServices */,
				BC7C3112294257250060B888 /* UserPreferencesServices.swift */,
			);
			path = Services;
			sourceTree = "<group>";
		};
		BC8A147A29327AD5001D0FA1 /* UserServices */ = {
			isa = PBXGroup;
			children = (
				BC8A147829327ACD001D0FA1 /* UserServices.swift */,
				BC50BAD028EC6F04006D8E22 /* UserNetworkServices.swift */,
			);
			path = UserServices;
			sourceTree = "<group>";
		};
		BC8A147B29327B2B001D0FA1 /* Services */ = {
			isa = PBXGroup;
			children = (
				BC8A147D29327B78001D0FA1 /* UserServicesProtocols */,
				BC8A147C29327B52001D0FA1 /* AuthServicesProtocols */,
				BC9DA742293A4F5700C44FCA /* ChatRoomServicesProtocols */,
				BC8A147E29327B81001D0FA1 /* ChatMessageServicesProtocols */,
				BC7C3110294256A20060B888 /* UserPreferencesServicesProtocol.swift */,
			);
			path = Services;
			sourceTree = "<group>";
		};
		BC8A147C29327B52001D0FA1 /* AuthServicesProtocols */ = {
			isa = PBXGroup;
			children = (
				BC6B2DA828EB1A7100AC4E71 /* AuthNetworkServicesProtocol.swift */,
				BC50BAD528EC93D6006D8E22 /* AuthServicesProtocol.swift */,
			);
			path = AuthServicesProtocols;
			sourceTree = "<group>";
		};
		BC8A147D29327B78001D0FA1 /* UserServicesProtocols */ = {
			isa = PBXGroup;
			children = (
				BC8A147F29327BA1001D0FA1 /* UserServicesProtocol.swift */,
				BC9DA745293A505500C44FCA /* UserNetworkServicesProtocol.swift */,
			);
			path = UserServicesProtocols;
			sourceTree = "<group>";
		};
		BC8A147E29327B81001D0FA1 /* ChatMessageServicesProtocols */ = {
			isa = PBXGroup;
			children = (
				BC9DA747293A53A000C44FCA /* ChatMessageServicesProtocol.swift */,
				BC9DA749293A560900C44FCA /* ChatMessageNetworkServicesProtocol.swift */,
			);
			path = ChatMessageServicesProtocols;
			sourceTree = "<group>";
		};
		BC960E892850EF2000C9ED68 /* Utilities */ = {
			isa = PBXGroup;
			children = (
				BC20D290293659D40089DF71 /* PropertyWrappers */,
				BC960E8A2850EF2C00C9ED68 /* LayoutTools.swift */,
				BC99C6E0287F1591008DFE97 /* UIDirection.swift */,
			);
			path = Utilities;
			sourceTree = "<group>";
		};
		BC960E9028523AE900C9ED68 /* MessageTableViewCells */ = {
			isa = PBXGroup;
			children = (
				BC960E8E28511F0C00C9ED68 /* MessageTableViewCell.swift */,
				BC960E9128523B4300C9ED68 /* PlainTextMessageTableViewCell.swift */,
			);
			path = MessageTableViewCells;
			sourceTree = "<group>";
		};
		BC99C6A9287EEE34008DFE97 /* Buttons */ = {
			isa = PBXGroup;
			children = (
				BC99C6AA287EEE42008DFE97 /* PrimaryBtn.swift */,
				BC99C6E4287F1872008DFE97 /* AlertPopupAction.swift */,
			);
			path = Buttons;
			sourceTree = "<group>";
		};
		BC99C6B4287F0565008DFE97 /* Constants */ = {
			isa = PBXGroup;
			children = (
				BC99C6BD287F0565008DFE97 /* LayoutConstants.swift */,
			);
			path = Constants;
			sourceTree = "<group>";
		};
		BC99C6CD287F1448008DFE97 /* Popups */ = {
			isa = PBXGroup;
			children = (
				BC99C6D5287F1448008DFE97 /* Popup.swift */,
				BC99C6D0287F1448008DFE97 /* AlertPopup.swift */,
			);
			path = Popups;
			sourceTree = "<group>";
		};
		BC9DA742293A4F5700C44FCA /* ChatRoomServicesProtocols */ = {
			isa = PBXGroup;
			children = (
				BC9DA743293A4F8300C44FCA /* ChatRoomServicesProtocol.swift */,
			);
			path = ChatRoomServicesProtocols;
			sourceTree = "<group>";
		};
		BCA1D8B32932448300E31259 /* Navigation */ = {
			isa = PBXGroup;
			children = (
				BC960E792850ADDD00C9ED68 /* RootTabBarController.swift */,
				BC096847292D102000FCF926 /* Coordinators */,
			);
			path = Navigation;
			sourceTree = "<group>";
		};
		BCA434AA284FB9C5001F39D8 = {
			isa = PBXGroup;
			children = (
				BCA434B5284FB9C5001F39D8 /* Connector */,
				BCA434CF284FB9CA001F39D8 /* ConnectorTests */,
				BCA434D9284FB9CA001F39D8 /* ConnectorUITests */,
				BCA434B4284FB9C5001F39D8 /* Products */,
				8F61F63590C028F1D433B0B8 /* Pods */,
				68BA8AEB16E529D62A33F63B /* Frameworks */,
			);
			sourceTree = "<group>";
		};
		BCA434B4284FB9C5001F39D8 /* Products */ = {
			isa = PBXGroup;
			children = (
				BCA434B3284FB9C5001F39D8 /* Connector.app */,
				BCA434CC284FB9CA001F39D8 /* ConnectorTests.xctest */,
				BCA434D6284FB9CA001F39D8 /* ConnectorUITests.xctest */,
			);
			name = Products;
			sourceTree = "<group>";
		};
		BCA434B5284FB9C5001F39D8 /* Connector */ = {
			isa = PBXGroup;
			children = (
				BC9358A728B52854006AF888 /* GoogleService-Info.plist */,
				BCA434C7284FB9C9001F39D8 /* Info.plist */,
				BCA4350B284FC333001F39D8 /* Support */,
				BC960E892850EF2000C9ED68 /* Utilities */,
				BCA4351B2850A42A001F39D8 /* Protocols */,
				BCA434FA284FBB21001F39D8 /* Models */,
				BCA4350D284FC382001F39D8 /* ViewControllers */,
				BCA4351528506B47001F39D8 /* Views */,
				BC6B2D9328E99DB800AC4E71 /* ViewModels */,
				BCF651442941311300080E61 /* Delegates&DataSources */,
				BCA1D8B32932448300E31259 /* Navigation */,
				BC6B2DAA28EB1B4C00AC4E71 /* Services */,
				BCA434EE284FBB21001F39D8 /* Networking */,
				BCEF49B0287C41B700EED9DB /* Persistence */,
				BCF6514929417DC000080E61 /* Factories */,
				BCA434EC284FBB21001F39D8 /* ErrorHandling */,
				BCA434E9284FBB20001F39D8 /* Extensions */,
				BC99C6B4287F0565008DFE97 /* Constants */,
			);
			path = Connector;
			sourceTree = "<group>";
		};
		BCA434CF284FB9CA001F39D8 /* ConnectorTests */ = {
			isa = PBXGroup;
			children = (
				BCA434D0284FB9CA001F39D8 /* ConnectorTests.swift */,
			);
			path = ConnectorTests;
			sourceTree = "<group>";
		};
		BCA434D9284FB9CA001F39D8 /* ConnectorUITests */ = {
			isa = PBXGroup;
			children = (
				BCA434DA284FB9CA001F39D8 /* ConnectorUITests.swift */,
				BCA434DC284FB9CA001F39D8 /* ConnectorUITestsLaunchTests.swift */,
			);
			path = ConnectorUITests;
			sourceTree = "<group>";
		};
		BCA434E9284FBB20001F39D8 /* Extensions */ = {
			isa = PBXGroup;
			children = (
				BCC098A62899721300C943C3 /* UIViewController+Ext.swift */,
				BC99C6DE287F14BA008DFE97 /* UIView+Ext.swift */,
				BC99C6AC287EF2C1008DFE97 /* UIStackView+Ext.swift */,
				BC960E872850EEA400C9ED68 /* EditableTextView+Ext.swift */,
				BCA434EA284FBB20001F39D8 /* Image+Ext.swift */,
				BCA434EB284FBB20001F39D8 /* String+Ext.swift */,
				BCEF49B3287C65ED00EED9DB /* CodingUserInfoKey+Ext.swift */,
				BCEF49BB287CA20A00EED9DB /* UIColor+Ext.swift */,
				BC7FAE8928B6E42800872075 /* Date+Ext.swift */,
				BC6B2D9A28E9D15300AC4E71 /* BidirectionalStringCollection+Ext.swift */,
				BC6B2D9C28EA0EC400AC4E71 /* UITextField+Ext.swift */,
				BCA1D8AF2931BA1D00E31259 /* UINavigationController+Ext.swift */,
				BCFD63D1293F78D9004479B6 /* UITableView+Ext.swift */,
				BCFD63E0293FDBA2004479B6 /* UIButton+Ext.swift */,
				BC7C3114294261B80060B888 /* UIApplication+Ext.swift */,
			);
			path = Extensions;
			sourceTree = "<group>";
		};
		BCA434EC284FBB21001F39D8 /* ErrorHandling */ = {
			isa = PBXGroup;
			children = (
				BCA434ED284FBB21001F39D8 /* ErrorManager.swift */,
				BC6F89BF287C23FC0023E2A6 /* UserFriendlyError.swift */,
				BC20D28D2933E2C30089DF71 /* Errors */,
			);
			path = ErrorHandling;
			sourceTree = "<group>";
		};
		BCA434EE284FBB21001F39D8 /* Networking */ = {
			isa = PBXGroup;
			children = (
				BC50BACC28EC575E006D8E22 /* FirebaseManager.swift */,
			);
			path = Networking;
			sourceTree = "<group>";
		};
		BCA434FA284FBB21001F39D8 /* Models */ = {
			isa = PBXGroup;
			children = (
				BC6B2DA728EB12E700AC4E71 /* ChatRoom */,
				BC6B2DA628EB12DE00AC4E71 /* User */,
				BC6F89B8287C1F130023E2A6 /* Message.swift */,
				BCEF49B5287C6CE900EED9DB /* Contact.swift */,
				BCEF49B7287C6D4F00EED9DB /* Location.swift */,
				BC7C310E294253AB0060B888 /* UserPreferences.swift */,
				BCFD63D3293F7EA9004479B6 /* SettingsOption.swift */,
			);
			path = Models;
			sourceTree = "<group>";
		};
		BCA4350B284FC333001F39D8 /* Support */ = {
			isa = PBXGroup;
			children = (
				BCA434B6284FB9C5001F39D8 /* AppDelegate.swift */,
				BCA434B8284FB9C5001F39D8 /* SceneDelegate.swift */,
				BCA1D8B8293250FF00E31259 /* MainDependencyContainer.swift */,
				BCA434C4284FB9C9001F39D8 /* LaunchScreen.storyboard */,
				BCA435242850A962001F39D8 /* Assets.xcassets */,
				BCA434BF284FB9C5001F39D8 /* Connector.xcdatamodeld */,
			);
			path = Support;
			sourceTree = "<group>";
		};
		BCA4350D284FC382001F39D8 /* ViewControllers */ = {
			isa = PBXGroup;
			children = (
				BC125DB628B7EB26008D8C89 /* ChatsTableViewController */,
				BCFD63DD293FAA11004479B6 /* SettingsTableViewController */,
				BC99C6B0287EFDEA008DFE97 /* LoginViewController.swift */,
				BC99C6B2287EFF09008DFE97 /* SignupViewController.swift */,
				BC960E832850E7EE00C9ED68 /* ChatRoomViewController.swift */,
				BC960E7B2850B11A00C9ED68 /* CallsTableViewController.swift */,
				BC0C3FD328809A0B00A65D9D /* SearchResultsTableViewController.swift */,
			);
			path = ViewControllers;
			sourceTree = "<group>";
		};
		BCA4351528506B47001F39D8 /* Views */ = {
			isa = PBXGroup;
			children = (
				BCFD63E22940D5D5004479B6 /* Screens */,
				BC99C6CD287F1448008DFE97 /* Popups */,
				BC99C6A9287EEE34008DFE97 /* Buttons */,
				BCA4351F2850A5B8001F39D8 /* UtilityViews */,
				BCA4351628506B57001F39D8 /* Cells */,
				BCEF49BD287CA77D00EED9DB /* ChatInputFieldContainer.swift */,
				BCC098AA289984D800C943C3 /* MessageComposerView.swift */,
			);
			path = Views;
			sourceTree = "<group>";
		};
		BCA4351628506B57001F39D8 /* Cells */ = {
			isa = PBXGroup;
			children = (
				BCA4351728506BD8001F39D8 /* ChatTableViewCell.swift */,
				BC960E9028523AE900C9ED68 /* MessageTableViewCells */,
				BC0C3FD528809AFC00A65D9D /* SearchResultsTableViewCell.swift */,
			);
			path = Cells;
			sourceTree = "<group>";
		};
		BCA4351B2850A42A001F39D8 /* Protocols */ = {
			isa = PBXGroup;
			children = (
				BC8A147B29327B2B001D0FA1 /* Services */,
				BC0C3FDA2880AA2B00A65D9D /* SearchResultsControllerDelegate.swift */,
				BC8EBA0B28B64C5400D96E8B /* FirebaseCodableMo.swift */,
				BC6B2D9628E99ED600AC4E71 /* Validatable.swift */,
				BC096845292D0F8F00FCF926 /* Coordinator.swift */,
				BCA1D8AD2931B40200E31259 /* AuthCoordination.swift */,
				BCA1D8B12931CC6000E31259 /* ChatsCoordination.swift */,
				BCFD63D9293FA7F3004479B6 /* SettingsCoordination.swift */,
				BCA1D8B629324CB400E31259 /* DependencyContainer.swift */,
				BC8A1476293260D4001D0FA1 /* ViewControllerFactories.swift */,
				BCF6514529417ACB00080E61 /* SettingsViewController.swift */,
			);
			path = Protocols;
			sourceTree = "<group>";
		};
		BCA4351F2850A5B8001F39D8 /* UtilityViews */ = {
			isa = PBXGroup;
			children = (
				BC960E852850EE1400C9ED68 /* EditableTextView.swift */,
				BC7600B7287EC307003F6079 /* TextFieldView.swift */,
				BC0C3FD728809D5500A65D9D /* RemoteImageView.swift */,
				BC1C7C47294108F90092A290 /* KeyboardAvoidingView.swift */,
			);
			path = UtilityViews;
			sourceTree = "<group>";
		};
		BCEF49B0287C41B700EED9DB /* Persistence */ = {
			isa = PBXGroup;
			children = (
				BC6F89A8287C13AB0023E2A6 /* UserDefaultsManager.swift */,
				BC20D2952937A8010089DF71 /* KeychainManager.swift */,
				BC6F89C1287C353E0023E2A6 /* CoreDataManager.swift */,
				BCC098A12898006200C943C3 /* CoreDataManager+Seeders.swift */,
			);
			path = Persistence;
			sourceTree = "<group>";
		};
		BCF651442941311300080E61 /* Delegates&DataSources */ = {
			isa = PBXGroup;
			children = (
				BCF651422941310300080E61 /* SettingsDataSource.swift */,
				BCF6514A2941972E00080E61 /* ChatRoomsDataSource.swift */,
				BCF6514E29419C3A00080E61 /* MessagesDataSource.swift */,
				BCF6514C294197D100080E61 /* TableViewFetchedResultsControllerDelegate.swift */,
			);
			path = "Delegates&DataSources";
			sourceTree = "<group>";
		};
		BCF6514929417DC000080E61 /* Factories */ = {
			isa = PBXGroup;
			children = (
				BCF6514729417CAE00080E61 /* SettingsSectionsFactory.swift */,
			);
			path = Factories;
			sourceTree = "<group>";
		};
		BCFD63DD293FAA11004479B6 /* SettingsTableViewController */ = {
			isa = PBXGroup;
			children = (
				BC960E7D2850B24500C9ED68 /* SettingsTableViewController.swift */,
				BCFD63DB293FA9C8004479B6 /* SettingsTableViewController+Actions.swift */,
			);
			path = SettingsTableViewController;
			sourceTree = "<group>";
		};
		BCFD63E22940D5D5004479B6 /* Screens */ = {
			isa = PBXGroup;
			children = (
				BCFD63E32940D5F6004479B6 /* AuthView.swift */,
				BCFD63E52940D82A004479B6 /* LoginView.swift */,
				BCFD63E72940D921004479B6 /* SignupView.swift */,
				BC7C310C29419FC50060B888 /* ChatRoomView.swift */,
			);
			path = Screens;
			sourceTree = "<group>";
		};
/* End PBXGroup section */

/* Begin PBXNativeTarget section */
		BCA434B2284FB9C5001F39D8 /* Connector */ = {
			isa = PBXNativeTarget;
			buildConfigurationList = BCA434E0284FB9CA001F39D8 /* Build configuration list for PBXNativeTarget "Connector" */;
			buildPhases = (
				DA2852A88F4D9FC1034CA13E /* [CP] Check Pods Manifest.lock */,
				BCA434AF284FB9C5001F39D8 /* Sources */,
				BCA434B0284FB9C5001F39D8 /* Frameworks */,
				BCA434B1284FB9C5001F39D8 /* Resources */,
				4507F35343A7F35AA1CCFBA1 /* [CP] Embed Pods Frameworks */,
			);
			buildRules = (
			);
			dependencies = (
			);
			name = Connector;
			productName = Connector;
			productReference = BCA434B3284FB9C5001F39D8 /* Connector.app */;
			productType = "com.apple.product-type.application";
		};
		BCA434CB284FB9CA001F39D8 /* ConnectorTests */ = {
			isa = PBXNativeTarget;
			buildConfigurationList = BCA434E3284FB9CA001F39D8 /* Build configuration list for PBXNativeTarget "ConnectorTests" */;
			buildPhases = (
				32948BAD643DCF1FA241FA7B /* [CP] Check Pods Manifest.lock */,
				BCA434C8284FB9CA001F39D8 /* Sources */,
				BCA434C9284FB9CA001F39D8 /* Frameworks */,
				BCA434CA284FB9CA001F39D8 /* Resources */,
			);
			buildRules = (
			);
			dependencies = (
				BCA434CE284FB9CA001F39D8 /* PBXTargetDependency */,
			);
			name = ConnectorTests;
			productName = ConnectorTests;
			productReference = BCA434CC284FB9CA001F39D8 /* ConnectorTests.xctest */;
			productType = "com.apple.product-type.bundle.unit-test";
		};
		BCA434D5284FB9CA001F39D8 /* ConnectorUITests */ = {
			isa = PBXNativeTarget;
			buildConfigurationList = BCA434E6284FB9CA001F39D8 /* Build configuration list for PBXNativeTarget "ConnectorUITests" */;
			buildPhases = (
				8123D61297301E4A19B1381B /* [CP] Check Pods Manifest.lock */,
				BCA434D2284FB9CA001F39D8 /* Sources */,
				BCA434D3284FB9CA001F39D8 /* Frameworks */,
				BCA434D4284FB9CA001F39D8 /* Resources */,
				E0DD75B227AB7FC77CC1F350 /* [CP] Embed Pods Frameworks */,
			);
			buildRules = (
			);
			dependencies = (
				BCA434D8284FB9CA001F39D8 /* PBXTargetDependency */,
			);
			name = ConnectorUITests;
			productName = ConnectorUITests;
			productReference = BCA434D6284FB9CA001F39D8 /* ConnectorUITests.xctest */;
			productType = "com.apple.product-type.bundle.ui-testing";
		};
/* End PBXNativeTarget section */

/* Begin PBXProject section */
		BCA434AB284FB9C5001F39D8 /* Project object */ = {
			isa = PBXProject;
			attributes = {
				BuildIndependentTargetsInParallel = 1;
				LastSwiftUpdateCheck = 1300;
				LastUpgradeCheck = 1300;
				TargetAttributes = {
					BCA434B2284FB9C5001F39D8 = {
						CreatedOnToolsVersion = 13.0;
					};
					BCA434CB284FB9CA001F39D8 = {
						CreatedOnToolsVersion = 13.0;
						TestTargetID = BCA434B2284FB9C5001F39D8;
					};
					BCA434D5284FB9CA001F39D8 = {
						CreatedOnToolsVersion = 13.0;
						TestTargetID = BCA434B2284FB9C5001F39D8;
					};
				};
			};
			buildConfigurationList = BCA434AE284FB9C5001F39D8 /* Build configuration list for PBXProject "Connector" */;
			compatibilityVersion = "Xcode 13.0";
			developmentRegion = en;
			hasScannedForEncodings = 0;
			knownRegions = (
				en,
				Base,
				ar,
			);
			mainGroup = BCA434AA284FB9C5001F39D8;
			productRefGroup = BCA434B4284FB9C5001F39D8 /* Products */;
			projectDirPath = "";
			projectRoot = "";
			targets = (
				BCA434B2284FB9C5001F39D8 /* Connector */,
				BCA434CB284FB9CA001F39D8 /* ConnectorTests */,
				BCA434D5284FB9CA001F39D8 /* ConnectorUITests */,
			);
		};
/* End PBXProject section */

/* Begin PBXResourcesBuildPhase section */
		BCA434B1284FB9C5001F39D8 /* Resources */ = {
			isa = PBXResourcesBuildPhase;
			buildActionMask = 2147483647;
			files = (
				BCA435252850A962001F39D8 /* Assets.xcassets in Resources */,
				BC9358A828B52854006AF888 /* GoogleService-Info.plist in Resources */,
				BCA434C6284FB9C9001F39D8 /* LaunchScreen.storyboard in Resources */,
			);
			runOnlyForDeploymentPostprocessing = 0;
		};
		BCA434CA284FB9CA001F39D8 /* Resources */ = {
			isa = PBXResourcesBuildPhase;
			buildActionMask = 2147483647;
			files = (
				BC9358A928B52854006AF888 /* GoogleService-Info.plist in Resources */,
			);
			runOnlyForDeploymentPostprocessing = 0;
		};
		BCA434D4284FB9CA001F39D8 /* Resources */ = {
			isa = PBXResourcesBuildPhase;
			buildActionMask = 2147483647;
			files = (
				BC9358AA28B52854006AF888 /* GoogleService-Info.plist in Resources */,
			);
			runOnlyForDeploymentPostprocessing = 0;
		};
/* End PBXResourcesBuildPhase section */

/* Begin PBXShellScriptBuildPhase section */
		32948BAD643DCF1FA241FA7B /* [CP] Check Pods Manifest.lock */ = {
			isa = PBXShellScriptBuildPhase;
			buildActionMask = 2147483647;
			files = (
			);
			inputFileListPaths = (
			);
			inputPaths = (
				"${PODS_PODFILE_DIR_PATH}/Podfile.lock",
				"${PODS_ROOT}/Manifest.lock",
			);
			name = "[CP] Check Pods Manifest.lock";
			outputFileListPaths = (
			);
			outputPaths = (
				"$(DERIVED_FILE_DIR)/Pods-ConnectorTests-checkManifestLockResult.txt",
			);
			runOnlyForDeploymentPostprocessing = 0;
			shellPath = /bin/sh;
			shellScript = "diff \"${PODS_PODFILE_DIR_PATH}/Podfile.lock\" \"${PODS_ROOT}/Manifest.lock\" > /dev/null\nif [ $? != 0 ] ; then\n    # print error to STDERR\n    echo \"error: The sandbox is not in sync with the Podfile.lock. Run 'pod install' or update your CocoaPods installation.\" >&2\n    exit 1\nfi\n# This output is used by Xcode 'outputs' to avoid re-running this script phase.\necho \"SUCCESS\" > \"${SCRIPT_OUTPUT_FILE_0}\"\n";
			showEnvVarsInLog = 0;
		};
		4507F35343A7F35AA1CCFBA1 /* [CP] Embed Pods Frameworks */ = {
			isa = PBXShellScriptBuildPhase;
			buildActionMask = 2147483647;
			files = (
			);
			inputFileListPaths = (
				"${PODS_ROOT}/Target Support Files/Pods-Connector/Pods-Connector-frameworks-${CONFIGURATION}-input-files.xcfilelist",
			);
			name = "[CP] Embed Pods Frameworks";
			outputFileListPaths = (
				"${PODS_ROOT}/Target Support Files/Pods-Connector/Pods-Connector-frameworks-${CONFIGURATION}-output-files.xcfilelist",
			);
			runOnlyForDeploymentPostprocessing = 0;
			shellPath = /bin/sh;
			shellScript = "\"${PODS_ROOT}/Target Support Files/Pods-Connector/Pods-Connector-frameworks.sh\"\n";
			showEnvVarsInLog = 0;
		};
		8123D61297301E4A19B1381B /* [CP] Check Pods Manifest.lock */ = {
			isa = PBXShellScriptBuildPhase;
			buildActionMask = 2147483647;
			files = (
			);
			inputFileListPaths = (
			);
			inputPaths = (
				"${PODS_PODFILE_DIR_PATH}/Podfile.lock",
				"${PODS_ROOT}/Manifest.lock",
			);
			name = "[CP] Check Pods Manifest.lock";
			outputFileListPaths = (
			);
			outputPaths = (
				"$(DERIVED_FILE_DIR)/Pods-Connector-ConnectorUITests-checkManifestLockResult.txt",
			);
			runOnlyForDeploymentPostprocessing = 0;
			shellPath = /bin/sh;
			shellScript = "diff \"${PODS_PODFILE_DIR_PATH}/Podfile.lock\" \"${PODS_ROOT}/Manifest.lock\" > /dev/null\nif [ $? != 0 ] ; then\n    # print error to STDERR\n    echo \"error: The sandbox is not in sync with the Podfile.lock. Run 'pod install' or update your CocoaPods installation.\" >&2\n    exit 1\nfi\n# This output is used by Xcode 'outputs' to avoid re-running this script phase.\necho \"SUCCESS\" > \"${SCRIPT_OUTPUT_FILE_0}\"\n";
			showEnvVarsInLog = 0;
		};
		DA2852A88F4D9FC1034CA13E /* [CP] Check Pods Manifest.lock */ = {
			isa = PBXShellScriptBuildPhase;
			buildActionMask = 2147483647;
			files = (
			);
			inputFileListPaths = (
			);
			inputPaths = (
				"${PODS_PODFILE_DIR_PATH}/Podfile.lock",
				"${PODS_ROOT}/Manifest.lock",
			);
			name = "[CP] Check Pods Manifest.lock";
			outputFileListPaths = (
			);
			outputPaths = (
				"$(DERIVED_FILE_DIR)/Pods-Connector-checkManifestLockResult.txt",
			);
			runOnlyForDeploymentPostprocessing = 0;
			shellPath = /bin/sh;
			shellScript = "diff \"${PODS_PODFILE_DIR_PATH}/Podfile.lock\" \"${PODS_ROOT}/Manifest.lock\" > /dev/null\nif [ $? != 0 ] ; then\n    # print error to STDERR\n    echo \"error: The sandbox is not in sync with the Podfile.lock. Run 'pod install' or update your CocoaPods installation.\" >&2\n    exit 1\nfi\n# This output is used by Xcode 'outputs' to avoid re-running this script phase.\necho \"SUCCESS\" > \"${SCRIPT_OUTPUT_FILE_0}\"\n";
			showEnvVarsInLog = 0;
		};
		E0DD75B227AB7FC77CC1F350 /* [CP] Embed Pods Frameworks */ = {
			isa = PBXShellScriptBuildPhase;
			buildActionMask = 2147483647;
			files = (
			);
			inputFileListPaths = (
				"${PODS_ROOT}/Target Support Files/Pods-Connector-ConnectorUITests/Pods-Connector-ConnectorUITests-frameworks-${CONFIGURATION}-input-files.xcfilelist",
			);
			name = "[CP] Embed Pods Frameworks";
			outputFileListPaths = (
				"${PODS_ROOT}/Target Support Files/Pods-Connector-ConnectorUITests/Pods-Connector-ConnectorUITests-frameworks-${CONFIGURATION}-output-files.xcfilelist",
			);
			runOnlyForDeploymentPostprocessing = 0;
			shellPath = /bin/sh;
			shellScript = "\"${PODS_ROOT}/Target Support Files/Pods-Connector-ConnectorUITests/Pods-Connector-ConnectorUITests-frameworks.sh\"\n";
			showEnvVarsInLog = 0;
		};
/* End PBXShellScriptBuildPhase section */

/* Begin PBXSourcesBuildPhase section */
		BCA434AF284FB9C5001F39D8 /* Sources */ = {
			isa = PBXSourcesBuildPhase;
			buildActionMask = 2147483647;
			files = (
				BCA434FD284FBB21001F39D8 /* String+Ext.swift in Sources */,
				BCA434FC284FBB21001F39D8 /* Image+Ext.swift in Sources */,
				BC50BAD128EC6F04006D8E22 /* UserNetworkServices.swift in Sources */,
				BCA43514284FCBC7001F39D8 /* ChatsTableViewController.swift in Sources */,
				BC960E862850EE1400C9ED68 /* EditableTextView.swift in Sources */,
				BCF6514D294197D100080E61 /* TableViewFetchedResultsControllerDelegate.swift in Sources */,
				BCEF49B6287C6CE900EED9DB /* Contact.swift in Sources */,
				BC0C3FD628809AFC00A65D9D /* SearchResultsTableViewCell.swift in Sources */,
				BCA434FE284FBB21001F39D8 /* ErrorManager.swift in Sources */,
				BCF6514829417CAE00080E61 /* SettingsSectionsFactory.swift in Sources */,
				BCA1D8A62931201700E31259 /* CallsCoordinator.swift in Sources */,
				BC6F899F287B3C5E0023E2A6 /* ChatMessageServices.swift in Sources */,
				BC7600B8287EC307003F6079 /* TextFieldView.swift in Sources */,
				BC20D2962937A8010089DF71 /* KeychainManager.swift in Sources */,
				BCA1D8B9293250FF00E31259 /* MainDependencyContainer.swift in Sources */,
				BC99C6E1287F1591008DFE97 /* UIDirection.swift in Sources */,
				BCA1D8B02931BA1D00E31259 /* UINavigationController+Ext.swift in Sources */,
				BC50BAD828EDC948006D8E22 /* ChatMessageNetworkServices.swift in Sources */,
				BCC098A72899721300C943C3 /* UIViewController+Ext.swift in Sources */,
				BC09684D292D135300FCF926 /* MainCoordinator.swift in Sources */,
				BCEF49BA287C89E900EED9DB /* ChatRoom.swift in Sources */,
				BC99C6DF287F14BA008DFE97 /* UIView+Ext.swift in Sources */,
				BC7C3115294261B80060B888 /* UIApplication+Ext.swift in Sources */,
				BC6B2DAC28EB1B6900AC4E71 /* AuthNetworkServices.swift in Sources */,
				BCA43508284FBB21001F39D8 /* User.swift in Sources */,
				BC7FAE8A28B6E42800872075 /* Date+Ext.swift in Sources */,
				BC50BACD28EC575E006D8E22 /* FirebaseManager.swift in Sources */,
				BC960E882850EEA400C9ED68 /* EditableTextView+Ext.swift in Sources */,
				BC8A1477293260D4001D0FA1 /* ViewControllerFactories.swift in Sources */,
				BC1C7C48294108FA0092A290 /* KeyboardAvoidingView.swift in Sources */,
				BC0C3FDB2880AA2B00A65D9D /* SearchResultsControllerDelegate.swift in Sources */,
				BC6F89BE287C22320023E2A6 /* GenericErrors.swift in Sources */,
				BC8EBA0C28B64C5400D96E8B /* FirebaseCodableMo.swift in Sources */,
				BCA1D8A429311EE100E31259 /* ChatsCoordinator.swift in Sources */,
				BCEF49BE287CA77D00EED9DB /* ChatInputFieldContainer.swift in Sources */,
				BCEF49B8287C6D4F00EED9DB /* Location.swift in Sources */,
				BC960E7A2850ADDD00C9ED68 /* RootTabBarController.swift in Sources */,
				BCFD63D4293F7EA9004479B6 /* SettingsOption.swift in Sources */,
				BCF6514F29419C3A00080E61 /* MessagesDataSource.swift in Sources */,
				BCFD63E1293FDBA2004479B6 /* UIButton+Ext.swift in Sources */,
				BCA1D8B729324CB400E31259 /* DependencyContainer.swift in Sources */,
				BC20D2892933AA890089DF71 /* ChatRoomServices.swift in Sources */,
				BC20D28F2934FEA00089DF71 /* SettingsViewModel.swift in Sources */,
				BC7C3113294257250060B888 /* UserPreferencesServices.swift in Sources */,
				BC9DA74A293A560900C44FCA /* ChatMessageNetworkServicesProtocol.swift in Sources */,
				BC960E8B2850EF2C00C9ED68 /* LayoutTools.swift in Sources */,
				BC6F89C0287C23FC0023E2A6 /* UserFriendlyError.swift in Sources */,
				BCF651432941310300080E61 /* SettingsDataSource.swift in Sources */,
				BC50BAD628EC93D6006D8E22 /* AuthServicesProtocol.swift in Sources */,
				BC6B2DA928EB1A7100AC4E71 /* AuthNetworkServicesProtocol.swift in Sources */,
				BC9DA744293A4F8300C44FCA /* ChatRoomServicesProtocol.swift in Sources */,
				BCEF49BC287CA20A00EED9DB /* UIColor+Ext.swift in Sources */,
				BC9DA748293A53A000C44FCA /* ChatMessageServicesProtocol.swift in Sources */,
				BC99C6AD287EF2C1008DFE97 /* UIStackView+Ext.swift in Sources */,
				BC50BADB28EDF401006D8E22 /* ChatRoomViewModel.swift in Sources */,
				BCFD63E62940D82A004479B6 /* LoginView.swift in Sources */,
				BCA1D8AE2931B40200E31259 /* AuthCoordination.swift in Sources */,
				BC20D29229365A080089DF71 /* UserDefaultsPropertyWrapper.swift in Sources */,
				BC99C6E5287F1872008DFE97 /* AlertPopupAction.swift in Sources */,
				BCEF49B4287C65ED00EED9DB /* CodingUserInfoKey+Ext.swift in Sources */,
				BC0C3FD828809D5500A65D9D /* RemoteImageView.swift in Sources */,
				BCFD63E42940D5F6004479B6 /* AuthView.swift in Sources */,
				BC960E7E2850B24500C9ED68 /* SettingsTableViewController.swift in Sources */,
				BCA434C1284FB9C5001F39D8 /* Connector.xcdatamodeld in Sources */,
				BC960E9228523B4300C9ED68 /* PlainTextMessageTableViewCell.swift in Sources */,
				BCA1D8AC2931292A00E31259 /* AuthCoordinator.swift in Sources */,
				BCA4351828506BD8001F39D8 /* ChatTableViewCell.swift in Sources */,
				BCEF49B2287C423100EED9DB /* CoreDataError.swift in Sources */,
				BC20D2982937AF300089DF71 /* KeychainPropertyWrapper.swift in Sources */,
				BCA1D8B22931CC6000E31259 /* ChatsCoordination.swift in Sources */,
				BCC098A22898006200C943C3 /* CoreDataManager+Seeders.swift in Sources */,
				BC7C310F294253AB0060B888 /* UserPreferences.swift in Sources */,
				BC960E842850E7EE00C9ED68 /* ChatRoomViewController.swift in Sources */,
				BC50BAD328EC8BC6006D8E22 /* AuthServices.swift in Sources */,
				BCFD63DA293FA7F3004479B6 /* SettingsCoordination.swift in Sources */,
				BC99C6DD287F1448008DFE97 /* Popup.swift in Sources */,
				BC960E8F28511F0D00C9ED68 /* MessageTableViewCell.swift in Sources */,
				BC99C6B1287EFDEA008DFE97 /* LoginViewController.swift in Sources */,
				BC6F89BA287C1F130023E2A6 /* Message.swift in Sources */,
				BC20D28C2933D98B0089DF71 /* EncodingAndDecodingErrors.swift in Sources */,
				BC6B2D9B28E9D15300AC4E71 /* BidirectionalStringCollection+Ext.swift in Sources */,
				BC096846292D0F8F00FCF926 /* Coordinator.swift in Sources */,
				BCA434B7284FB9C5001F39D8 /* AppDelegate.swift in Sources */,
				BC99C6C8287F0565008DFE97 /* LayoutConstants.swift in Sources */,
				BC960E7C2850B11A00C9ED68 /* CallsTableViewController.swift in Sources */,
				BC50BADF28EE0C6C006D8E22 /* ChatsTableViewModel.swift in Sources */,
				BC6B2D9528E99DE900AC4E71 /* AuthViewModel.swift in Sources */,
				BCFD63D8293FA332004479B6 /* TabBarCoordinator.swift in Sources */,
				BCFD63DC293FA9C8004479B6 /* SettingsTableViewController+Actions.swift in Sources */,
				BCF6514629417ACB00080E61 /* SettingsViewController.swift in Sources */,
				BC6B2D9D28EA0EC500AC4E71 /* UITextField+Ext.swift in Sources */,
				BCF69A7728B7F998002C650D /* ChatRoom+CoreDataProperties.swift in Sources */,
				BCFD63D2293F78D9004479B6 /* UITableView+Ext.swift in Sources */,
				BC6F89A9287C13AB0023E2A6 /* UserDefaultsManager.swift in Sources */,
				BC9DA746293A505500C44FCA /* UserNetworkServicesProtocol.swift in Sources */,
				BC99C6D8287F1448008DFE97 /* AlertPopup.swift in Sources */,
				BCA1D8A82931204400E31259 /* SettingsCoordinator.swift in Sources */,
				BC99C6B3287EFF09008DFE97 /* SignupViewController.swift in Sources */,
				BC6B2D9728E99ED600AC4E71 /* Validatable.swift in Sources */,
				BCA434B9284FB9C5001F39D8 /* SceneDelegate.swift in Sources */,
				BC99C6AB287EEE42008DFE97 /* PrimaryBtn.swift in Sources */,
				BC6F89C2287C353E0023E2A6 /* CoreDataManager.swift in Sources */,
				BCC098AB289984D800C943C3 /* MessageComposerView.swift in Sources */,
				BC7C3111294256A20060B888 /* UserPreferencesServicesProtocol.swift in Sources */,
				BC6B2DA528EB124000AC4E71 /* User+CoreDataProperties.swift in Sources */,
				BCF69A7928B802B2002C650D /* NetworkError.swift in Sources */,
				BC125DB828B7EB59008D8C89 /* ChatsTableViewController+SearchControllerDelegate.swift in Sources */,
				BCF6514B2941972E00080E61 /* ChatRoomsDataSource.swift in Sources */,
				BCFD63E82940D921004479B6 /* SignupView.swift in Sources */,
				BC8A147929327ACD001D0FA1 /* UserServices.swift in Sources */,
				BC7C310D29419FC50060B888 /* ChatRoomView.swift in Sources */,
				BC0C3FD428809A0B00A65D9D /* SearchResultsTableViewController.swift in Sources */,
				BC8A148029327BA1001D0FA1 /* UserServicesProtocol.swift in Sources */,
			);
			runOnlyForDeploymentPostprocessing = 0;
		};
		BCA434C8284FB9CA001F39D8 /* Sources */ = {
			isa = PBXSourcesBuildPhase;
			buildActionMask = 2147483647;
			files = (
				BCA434D1284FB9CA001F39D8 /* ConnectorTests.swift in Sources */,
				BC7C3123294382C70060B888 /* TableViewFetchedResultsControllerDelegate.swift in Sources */,
				BC7C3121294382C70060B888 /* SettingsSectionsFactory.swift in Sources */,
				BC09684A292D103F00FCF926 /* UIDirection.swift in Sources */,
				BC096848292D103F00FCF926 /* LayoutTools.swift in Sources */,
				BC7C311D294382C70060B888 /* MessagesDataSource.swift in Sources */,
				BC7C3125294382C70060B888 /* SettingsDataSource.swift in Sources */,
				BC7C311B294382C70060B888 /* ChatRoomsDataSource.swift in Sources */,
			);
			runOnlyForDeploymentPostprocessing = 0;
		};
		BCA434D2284FB9CA001F39D8 /* Sources */ = {
			isa = PBXSourcesBuildPhase;
			buildActionMask = 2147483647;
			files = (
				BC7C3122294382C70060B888 /* SettingsSectionsFactory.swift in Sources */,
				BC7C311E294382C70060B888 /* MessagesDataSource.swift in Sources */,
				BC096849292D103F00FCF926 /* LayoutTools.swift in Sources */,
				BC7C3124294382C70060B888 /* TableViewFetchedResultsControllerDelegate.swift in Sources */,
				BCA434DD284FB9CA001F39D8 /* ConnectorUITestsLaunchTests.swift in Sources */,
				BCA434DB284FB9CA001F39D8 /* ConnectorUITests.swift in Sources */,
				BC09684B292D103F00FCF926 /* UIDirection.swift in Sources */,
				BC7C311C294382C70060B888 /* ChatRoomsDataSource.swift in Sources */,
				BC7C3126294382C70060B888 /* SettingsDataSource.swift in Sources */,
			);
			runOnlyForDeploymentPostprocessing = 0;
		};
/* End PBXSourcesBuildPhase section */

/* Begin PBXTargetDependency section */
		BCA434CE284FB9CA001F39D8 /* PBXTargetDependency */ = {
			isa = PBXTargetDependency;
			target = BCA434B2284FB9C5001F39D8 /* Connector */;
			targetProxy = BCA434CD284FB9CA001F39D8 /* PBXContainerItemProxy */;
		};
		BCA434D8284FB9CA001F39D8 /* PBXTargetDependency */ = {
			isa = PBXTargetDependency;
			target = BCA434B2284FB9C5001F39D8 /* Connector */;
			targetProxy = BCA434D7284FB9CA001F39D8 /* PBXContainerItemProxy */;
		};
/* End PBXTargetDependency section */

/* Begin PBXVariantGroup section */
		BCA434C4284FB9C9001F39D8 /* LaunchScreen.storyboard */ = {
			isa = PBXVariantGroup;
			children = (
				BCA434C5284FB9C9001F39D8 /* Base */,
			);
			name = LaunchScreen.storyboard;
			sourceTree = "<group>";
		};
/* End PBXVariantGroup section */

/* Begin XCBuildConfiguration section */
		BCA434DE284FB9CA001F39D8 /* Debug */ = {
			isa = XCBuildConfiguration;
			buildSettings = {
				ALWAYS_SEARCH_USER_PATHS = NO;
				CLANG_ANALYZER_NONNULL = YES;
				CLANG_ANALYZER_NUMBER_OBJECT_CONVERSION = YES_AGGRESSIVE;
				CLANG_CXX_LANGUAGE_STANDARD = "gnu++17";
				CLANG_CXX_LIBRARY = "libc++";
				CLANG_ENABLE_MODULES = YES;
				CLANG_ENABLE_OBJC_ARC = YES;
				CLANG_ENABLE_OBJC_WEAK = YES;
				CLANG_WARN_BLOCK_CAPTURE_AUTORELEASING = YES;
				CLANG_WARN_BOOL_CONVERSION = YES;
				CLANG_WARN_COMMA = YES;
				CLANG_WARN_CONSTANT_CONVERSION = YES;
				CLANG_WARN_DEPRECATED_OBJC_IMPLEMENTATIONS = YES;
				CLANG_WARN_DIRECT_OBJC_ISA_USAGE = YES_ERROR;
				CLANG_WARN_DOCUMENTATION_COMMENTS = YES;
				CLANG_WARN_EMPTY_BODY = YES;
				CLANG_WARN_ENUM_CONVERSION = YES;
				CLANG_WARN_INFINITE_RECURSION = YES;
				CLANG_WARN_INT_CONVERSION = YES;
				CLANG_WARN_NON_LITERAL_NULL_CONVERSION = YES;
				CLANG_WARN_OBJC_IMPLICIT_RETAIN_SELF = YES;
				CLANG_WARN_OBJC_LITERAL_CONVERSION = YES;
				CLANG_WARN_OBJC_ROOT_CLASS = YES_ERROR;
				CLANG_WARN_QUOTED_INCLUDE_IN_FRAMEWORK_HEADER = YES;
				CLANG_WARN_RANGE_LOOP_ANALYSIS = YES;
				CLANG_WARN_STRICT_PROTOTYPES = YES;
				CLANG_WARN_SUSPICIOUS_MOVE = YES;
				CLANG_WARN_UNGUARDED_AVAILABILITY = YES_AGGRESSIVE;
				CLANG_WARN_UNREACHABLE_CODE = YES;
				CLANG_WARN__DUPLICATE_METHOD_MATCH = YES;
				COPY_PHASE_STRIP = NO;
				DEBUG_INFORMATION_FORMAT = dwarf;
				ENABLE_STRICT_OBJC_MSGSEND = YES;
				ENABLE_TESTABILITY = YES;
				GCC_C_LANGUAGE_STANDARD = gnu11;
				GCC_DYNAMIC_NO_PIC = NO;
				GCC_NO_COMMON_BLOCKS = YES;
				GCC_OPTIMIZATION_LEVEL = 0;
				GCC_PREPROCESSOR_DEFINITIONS = (
					"DEBUG=1",
					"$(inherited)",
				);
				GCC_WARN_64_TO_32_BIT_CONVERSION = YES;
				GCC_WARN_ABOUT_RETURN_TYPE = YES_ERROR;
				GCC_WARN_UNDECLARED_SELECTOR = YES;
				GCC_WARN_UNINITIALIZED_AUTOS = YES_AGGRESSIVE;
				GCC_WARN_UNUSED_FUNCTION = YES;
				GCC_WARN_UNUSED_VARIABLE = YES;
				IPHONEOS_DEPLOYMENT_TARGET = 15.0;
				MTL_ENABLE_DEBUG_INFO = INCLUDE_SOURCE;
				MTL_FAST_MATH = YES;
				ONLY_ACTIVE_ARCH = YES;
				SDKROOT = iphoneos;
				SWIFT_ACTIVE_COMPILATION_CONDITIONS = DEBUG;
				SWIFT_OPTIMIZATION_LEVEL = "-Onone";
			};
			name = Debug;
		};
		BCA434DF284FB9CA001F39D8 /* Release */ = {
			isa = XCBuildConfiguration;
			buildSettings = {
				ALWAYS_SEARCH_USER_PATHS = NO;
				CLANG_ANALYZER_NONNULL = YES;
				CLANG_ANALYZER_NUMBER_OBJECT_CONVERSION = YES_AGGRESSIVE;
				CLANG_CXX_LANGUAGE_STANDARD = "gnu++17";
				CLANG_CXX_LIBRARY = "libc++";
				CLANG_ENABLE_MODULES = YES;
				CLANG_ENABLE_OBJC_ARC = YES;
				CLANG_ENABLE_OBJC_WEAK = YES;
				CLANG_WARN_BLOCK_CAPTURE_AUTORELEASING = YES;
				CLANG_WARN_BOOL_CONVERSION = YES;
				CLANG_WARN_COMMA = YES;
				CLANG_WARN_CONSTANT_CONVERSION = YES;
				CLANG_WARN_DEPRECATED_OBJC_IMPLEMENTATIONS = YES;
				CLANG_WARN_DIRECT_OBJC_ISA_USAGE = YES_ERROR;
				CLANG_WARN_DOCUMENTATION_COMMENTS = YES;
				CLANG_WARN_EMPTY_BODY = YES;
				CLANG_WARN_ENUM_CONVERSION = YES;
				CLANG_WARN_INFINITE_RECURSION = YES;
				CLANG_WARN_INT_CONVERSION = YES;
				CLANG_WARN_NON_LITERAL_NULL_CONVERSION = YES;
				CLANG_WARN_OBJC_IMPLICIT_RETAIN_SELF = YES;
				CLANG_WARN_OBJC_LITERAL_CONVERSION = YES;
				CLANG_WARN_OBJC_ROOT_CLASS = YES_ERROR;
				CLANG_WARN_QUOTED_INCLUDE_IN_FRAMEWORK_HEADER = YES;
				CLANG_WARN_RANGE_LOOP_ANALYSIS = YES;
				CLANG_WARN_STRICT_PROTOTYPES = YES;
				CLANG_WARN_SUSPICIOUS_MOVE = YES;
				CLANG_WARN_UNGUARDED_AVAILABILITY = YES_AGGRESSIVE;
				CLANG_WARN_UNREACHABLE_CODE = YES;
				CLANG_WARN__DUPLICATE_METHOD_MATCH = YES;
				COPY_PHASE_STRIP = NO;
				DEBUG_INFORMATION_FORMAT = "dwarf-with-dsym";
				ENABLE_NS_ASSERTIONS = NO;
				ENABLE_STRICT_OBJC_MSGSEND = YES;
				GCC_C_LANGUAGE_STANDARD = gnu11;
				GCC_NO_COMMON_BLOCKS = YES;
				GCC_WARN_64_TO_32_BIT_CONVERSION = YES;
				GCC_WARN_ABOUT_RETURN_TYPE = YES_ERROR;
				GCC_WARN_UNDECLARED_SELECTOR = YES;
				GCC_WARN_UNINITIALIZED_AUTOS = YES_AGGRESSIVE;
				GCC_WARN_UNUSED_FUNCTION = YES;
				GCC_WARN_UNUSED_VARIABLE = YES;
				IPHONEOS_DEPLOYMENT_TARGET = 15.0;
				MTL_ENABLE_DEBUG_INFO = NO;
				MTL_FAST_MATH = YES;
				SDKROOT = iphoneos;
				SWIFT_COMPILATION_MODE = wholemodule;
				SWIFT_OPTIMIZATION_LEVEL = "-O";
				VALIDATE_PRODUCT = YES;
			};
			name = Release;
		};
		BCA434E1284FB9CA001F39D8 /* Debug */ = {
			isa = XCBuildConfiguration;
			baseConfigurationReference = 7453418AA276CC716A55BEAF /* Pods-Connector.debug.xcconfig */;
			buildSettings = {
				ASSETCATALOG_COMPILER_APPICON_NAME = AppIcon;
				ASSETCATALOG_COMPILER_GLOBAL_ACCENT_COLOR_NAME = AccentColor;
				CODE_SIGN_STYLE = Automatic;
				CURRENT_PROJECT_VERSION = 1;
				DEVELOPMENT_TEAM = MG2N6H9TP7;
				GENERATE_INFOPLIST_FILE = YES;
				INFOPLIST_FILE = Connector/Info.plist;
				INFOPLIST_KEY_UIApplicationSupportsIndirectInputEvents = YES;
				INFOPLIST_KEY_UILaunchStoryboardName = LaunchScreen;
				INFOPLIST_KEY_UISupportedInterfaceOrientations = UIInterfaceOrientationPortrait;
				INFOPLIST_KEY_UISupportedInterfaceOrientations_iPad = "UIInterfaceOrientationPortrait UIInterfaceOrientationPortraitUpsideDown UIInterfaceOrientationLandscapeLeft UIInterfaceOrientationLandscapeRight";
				INFOPLIST_KEY_UISupportedInterfaceOrientations_iPhone = "UIInterfaceOrientationPortrait UIInterfaceOrientationLandscapeLeft UIInterfaceOrientationLandscapeRight";
				IPHONEOS_DEPLOYMENT_TARGET = 15.0;
				LD_RUNPATH_SEARCH_PATHS = (
					"$(inherited)",
					"@executable_path/Frameworks",
				);
				MARKETING_VERSION = 1.0;
				PRODUCT_BUNDLE_IDENTIFIER = com.AbdlrhmanElmahdy.Connector;
				PRODUCT_NAME = "$(TARGET_NAME)";
				SWIFT_EMIT_LOC_STRINGS = YES;
				SWIFT_VERSION = 5.0;
				TARGETED_DEVICE_FAMILY = "1,2";
			};
			name = Debug;
		};
		BCA434E2284FB9CA001F39D8 /* Release */ = {
			isa = XCBuildConfiguration;
			baseConfigurationReference = 8802BB053213CAA5ABDD7B93 /* Pods-Connector.release.xcconfig */;
			buildSettings = {
				ASSETCATALOG_COMPILER_APPICON_NAME = AppIcon;
				ASSETCATALOG_COMPILER_GLOBAL_ACCENT_COLOR_NAME = AccentColor;
				CODE_SIGN_STYLE = Automatic;
				CURRENT_PROJECT_VERSION = 1;
				DEVELOPMENT_TEAM = MG2N6H9TP7;
				GENERATE_INFOPLIST_FILE = YES;
				INFOPLIST_FILE = Connector/Info.plist;
				INFOPLIST_KEY_UIApplicationSupportsIndirectInputEvents = YES;
				INFOPLIST_KEY_UILaunchStoryboardName = LaunchScreen;
				INFOPLIST_KEY_UISupportedInterfaceOrientations = UIInterfaceOrientationPortrait;
				INFOPLIST_KEY_UISupportedInterfaceOrientations_iPad = "UIInterfaceOrientationPortrait UIInterfaceOrientationPortraitUpsideDown UIInterfaceOrientationLandscapeLeft UIInterfaceOrientationLandscapeRight";
				INFOPLIST_KEY_UISupportedInterfaceOrientations_iPhone = "UIInterfaceOrientationPortrait UIInterfaceOrientationLandscapeLeft UIInterfaceOrientationLandscapeRight";
				IPHONEOS_DEPLOYMENT_TARGET = 15.0;
				LD_RUNPATH_SEARCH_PATHS = (
					"$(inherited)",
					"@executable_path/Frameworks",
				);
				MARKETING_VERSION = 1.0;
				PRODUCT_BUNDLE_IDENTIFIER = com.AbdlrhmanElmahdy.Connector;
				PRODUCT_NAME = "$(TARGET_NAME)";
				SWIFT_EMIT_LOC_STRINGS = YES;
				SWIFT_VERSION = 5.0;
				TARGETED_DEVICE_FAMILY = "1,2";
			};
			name = Release;
		};
		BCA434E4284FB9CA001F39D8 /* Debug */ = {
			isa = XCBuildConfiguration;
			baseConfigurationReference = 5A36048295A853113774CA56 /* Pods-ConnectorTests.debug.xcconfig */;
			buildSettings = {
				ALWAYS_EMBED_SWIFT_STANDARD_LIBRARIES = YES;
				BUNDLE_LOADER = "$(TEST_HOST)";
				CODE_SIGN_STYLE = Automatic;
				CURRENT_PROJECT_VERSION = 1;
				DEVELOPMENT_TEAM = MG2N6H9TP7;
				GENERATE_INFOPLIST_FILE = YES;
				IPHONEOS_DEPLOYMENT_TARGET = 15.0;
				LD_RUNPATH_SEARCH_PATHS = (
					"$(inherited)",
					"@executable_path/Frameworks",
					"@loader_path/Frameworks",
				);
				MARKETING_VERSION = 1.0;
				PRODUCT_BUNDLE_IDENTIFIER = com.AbdlrhmanElmahdy.Connector.ConnectorTests;
				PRODUCT_NAME = "$(TARGET_NAME)";
				SWIFT_EMIT_LOC_STRINGS = NO;
				SWIFT_VERSION = 5.0;
				TARGETED_DEVICE_FAMILY = "1,2";
				TEST_HOST = "$(BUILT_PRODUCTS_DIR)/Connector.app/Connector";
			};
			name = Debug;
		};
		BCA434E5284FB9CA001F39D8 /* Release */ = {
			isa = XCBuildConfiguration;
			baseConfigurationReference = ED9B0BA554536B894118FE0D /* Pods-ConnectorTests.release.xcconfig */;
			buildSettings = {
				ALWAYS_EMBED_SWIFT_STANDARD_LIBRARIES = YES;
				BUNDLE_LOADER = "$(TEST_HOST)";
				CODE_SIGN_STYLE = Automatic;
				CURRENT_PROJECT_VERSION = 1;
				DEVELOPMENT_TEAM = MG2N6H9TP7;
				GENERATE_INFOPLIST_FILE = YES;
				IPHONEOS_DEPLOYMENT_TARGET = 15.0;
				LD_RUNPATH_SEARCH_PATHS = (
					"$(inherited)",
					"@executable_path/Frameworks",
					"@loader_path/Frameworks",
				);
				MARKETING_VERSION = 1.0;
				PRODUCT_BUNDLE_IDENTIFIER = com.AbdlrhmanElmahdy.Connector.ConnectorTests;
				PRODUCT_NAME = "$(TARGET_NAME)";
				SWIFT_EMIT_LOC_STRINGS = NO;
				SWIFT_VERSION = 5.0;
				TARGETED_DEVICE_FAMILY = "1,2";
				TEST_HOST = "$(BUILT_PRODUCTS_DIR)/Connector.app/Connector";
			};
			name = Release;
		};
		BCA434E7284FB9CA001F39D8 /* Debug */ = {
			isa = XCBuildConfiguration;
			baseConfigurationReference = E2983CDB6805B2AB39C4415B /* Pods-Connector-ConnectorUITests.debug.xcconfig */;
			buildSettings = {
				ALWAYS_EMBED_SWIFT_STANDARD_LIBRARIES = YES;
				CODE_SIGN_STYLE = Automatic;
				CURRENT_PROJECT_VERSION = 1;
				DEVELOPMENT_TEAM = MG2N6H9TP7;
				GENERATE_INFOPLIST_FILE = YES;
				LD_RUNPATH_SEARCH_PATHS = (
					"$(inherited)",
					"@executable_path/Frameworks",
					"@loader_path/Frameworks",
				);
				MARKETING_VERSION = 1.0;
				PRODUCT_BUNDLE_IDENTIFIER = com.AbdlrhmanElmahdy.Connector.ConnectorUITests;
				PRODUCT_NAME = "$(TARGET_NAME)";
				SWIFT_EMIT_LOC_STRINGS = NO;
				SWIFT_VERSION = 5.0;
				TARGETED_DEVICE_FAMILY = "1,2";
				TEST_TARGET_NAME = Connector;
			};
			name = Debug;
		};
		BCA434E8284FB9CA001F39D8 /* Release */ = {
			isa = XCBuildConfiguration;
			baseConfigurationReference = 9DB5BAA7F63C34760C8BE10B /* Pods-Connector-ConnectorUITests.release.xcconfig */;
			buildSettings = {
				ALWAYS_EMBED_SWIFT_STANDARD_LIBRARIES = YES;
				CODE_SIGN_STYLE = Automatic;
				CURRENT_PROJECT_VERSION = 1;
				DEVELOPMENT_TEAM = MG2N6H9TP7;
				GENERATE_INFOPLIST_FILE = YES;
				LD_RUNPATH_SEARCH_PATHS = (
					"$(inherited)",
					"@executable_path/Frameworks",
					"@loader_path/Frameworks",
				);
				MARKETING_VERSION = 1.0;
				PRODUCT_BUNDLE_IDENTIFIER = com.AbdlrhmanElmahdy.Connector.ConnectorUITests;
				PRODUCT_NAME = "$(TARGET_NAME)";
				SWIFT_EMIT_LOC_STRINGS = NO;
				SWIFT_VERSION = 5.0;
				TARGETED_DEVICE_FAMILY = "1,2";
				TEST_TARGET_NAME = Connector;
			};
			name = Release;
		};
/* End XCBuildConfiguration section */

/* Begin XCConfigurationList section */
		BCA434AE284FB9C5001F39D8 /* Build configuration list for PBXProject "Connector" */ = {
			isa = XCConfigurationList;
			buildConfigurations = (
				BCA434DE284FB9CA001F39D8 /* Debug */,
				BCA434DF284FB9CA001F39D8 /* Release */,
			);
			defaultConfigurationIsVisible = 0;
			defaultConfigurationName = Release;
		};
		BCA434E0284FB9CA001F39D8 /* Build configuration list for PBXNativeTarget "Connector" */ = {
			isa = XCConfigurationList;
			buildConfigurations = (
				BCA434E1284FB9CA001F39D8 /* Debug */,
				BCA434E2284FB9CA001F39D8 /* Release */,
			);
			defaultConfigurationIsVisible = 0;
			defaultConfigurationName = Release;
		};
		BCA434E3284FB9CA001F39D8 /* Build configuration list for PBXNativeTarget "ConnectorTests" */ = {
			isa = XCConfigurationList;
			buildConfigurations = (
				BCA434E4284FB9CA001F39D8 /* Debug */,
				BCA434E5284FB9CA001F39D8 /* Release */,
			);
			defaultConfigurationIsVisible = 0;
			defaultConfigurationName = Release;
		};
		BCA434E6284FB9CA001F39D8 /* Build configuration list for PBXNativeTarget "ConnectorUITests" */ = {
			isa = XCConfigurationList;
			buildConfigurations = (
				BCA434E7284FB9CA001F39D8 /* Debug */,
				BCA434E8284FB9CA001F39D8 /* Release */,
			);
			defaultConfigurationIsVisible = 0;
			defaultConfigurationName = Release;
		};
/* End XCConfigurationList section */

/* Begin XCVersionGroup section */
		BCA434BF284FB9C5001F39D8 /* Connector.xcdatamodeld */ = {
			isa = XCVersionGroup;
			children = (
				BCA434C0284FB9C5001F39D8 /* Connector.xcdatamodel */,
			);
			currentVersion = BCA434C0284FB9C5001F39D8 /* Connector.xcdatamodel */;
			path = Connector.xcdatamodeld;
			sourceTree = "<group>";
			versionGroupType = wrapper.xcdatamodel;
		};
/* End XCVersionGroup section */
	};
	rootObject = BCA434AB284FB9C5001F39D8 /* Project object */;
}
